<?xml version="1.0" encoding="utf-8"?>
<Project ToolsVersion="15.0" xmlns="http://schemas.microsoft.com/developer/msbuild/2003">
  <ItemGroup>
    <ClCompile Include="E:\workspace\reconstruction\Easy3D-main\easy3d\core\graph.cpp">
      <Filter>Source Files</Filter>
    </ClCompile>
    <ClCompile Include="E:\workspace\reconstruction\Easy3D-main\easy3d\core\surface_mesh_builder.cpp">
      <Filter>Source Files</Filter>
    </ClCompile>
    <ClCompile Include="E:\workspace\reconstruction\Easy3D-main\easy3d\core\model.cpp">
      <Filter>Source Files</Filter>
    </ClCompile>
    <ClCompile Include="E:\workspace\reconstruction\Easy3D-main\easy3d\core\point_cloud.cpp">
      <Filter>Source Files</Filter>
    </ClCompile>
    <ClCompile Include="E:\workspace\reconstruction\Easy3D-main\easy3d\core\surface_mesh.cpp">
      <Filter>Source Files</Filter>
    </ClCompile>
    <ClCompile Include="E:\workspace\reconstruction\Easy3D-main\easy3d\core\poly_mesh.cpp">
      <Filter>Source Files</Filter>
    </ClCompile>
    <ClCompile Include="E:\workspace\reconstruction\Easy3D-main\easy3d\core\version.cpp">
      <Filter>Source Files</Filter>
    </ClCompile>
  </ItemGroup>
  <ItemGroup>
    <ClInclude Include="E:\workspace\reconstruction\Easy3D-main\easy3d\core\box.h">
      <Filter>Header Files</Filter>
    </ClInclude>
    <ClInclude Include="E:\workspace\reconstruction\Easy3D-main\easy3d\core\constant.h">
      <Filter>Header Files</Filter>
    </ClInclude>
    <ClInclude Include="E:\workspace\reconstruction\Easy3D-main\easy3d\core\curve.h">
      <Filter>Header Files</Filter>
    </ClInclude>
    <ClInclude Include="E:\workspace\reconstruction\Easy3D-main\easy3d\core\eigen_solver.h">
      <Filter>Header Files</Filter>
    </ClInclude>
    <ClInclude Include="E:\workspace\reconstruction\Easy3D-main\easy3d\core\graph.h">
      <Filter>Header Files</Filter>
    </ClInclude>
    <ClInclude Include="E:\workspace\reconstruction\Easy3D-main\easy3d\core\hash.h">
      <Filter>Header Files</Filter>
    </ClInclude>
    <ClInclude Include="E:\workspace\reconstruction\Easy3D-main\easy3d\core\heap.h">
      <Filter>Header Files</Filter>
    </ClInclude>
    <ClInclude Include="E:\workspace\reconstruction\Easy3D-main\easy3d\core\line.h">
      <Filter>Header Files</Filter>
    </ClInclude>
    <ClInclude Include="E:\workspace\reconstruction\Easy3D-main\easy3d\core\surface_mesh_builder.h">
      <Filter>Header Files</Filter>
    </ClInclude>
    <ClInclude Include="E:\workspace\reconstruction\Easy3D-main\easy3d\core\mat.h">
      <Filter>Header Files</Filter>
    </ClInclude>
    <ClInclude Include="E:\workspace\reconstruction\Easy3D-main\easy3d\core\matrix.h">
      <Filter>Header Files</Filter>
    </ClInclude>
    <ClInclude Include="E:\workspace\reconstruction\Easy3D-main\easy3d\core\model.h">
      <Filter>Header Files</Filter>
    </ClInclude>
    <ClInclude Include="E:\workspace\reconstruction\Easy3D-main\easy3d\core\oriented_line.h">
      <Filter>Header Files</Filter>
    </ClInclude>
    <ClInclude Include="E:\workspace\reconstruction\Easy3D-main\easy3d\core\plane.h">
      <Filter>Header Files</Filter>
    </ClInclude>
    <ClInclude Include="E:\workspace\reconstruction\Easy3D-main\easy3d\core\point_cloud.h">
      <Filter>Header Files</Filter>
    </ClInclude>
    <ClInclude Include="E:\workspace\reconstruction\Easy3D-main\easy3d\core\principal_axes.h">
      <Filter>Header Files</Filter>
    </ClInclude>
    <ClInclude Include="E:\workspace\reconstruction\Easy3D-main\easy3d\core\properties.h">
      <Filter>Header Files</Filter>
    </ClInclude>
    <ClInclude Include="E:\workspace\reconstruction\Easy3D-main\easy3d\core\quat.h">
      <Filter>Header Files</Filter>
    </ClInclude>
    <ClInclude Include="E:\workspace\reconstruction\Easy3D-main\easy3d\core\random.h">
      <Filter>Header Files</Filter>
    </ClInclude>
    <ClInclude Include="E:\workspace\reconstruction\Easy3D-main\easy3d\core\rect.h">
      <Filter>Header Files</Filter>
    </ClInclude>
    <ClInclude Include="E:\workspace\reconstruction\Easy3D-main\easy3d\core\segment.h">
      <Filter>Header Files</Filter>
    </ClInclude>
    <ClInclude Include="E:\workspace\reconstruction\Easy3D-main\easy3d\core\signal.h">
      <Filter>Header Files</Filter>
    </ClInclude>
    <ClInclude Include="E:\workspace\reconstruction\Easy3D-main\easy3d\core\spline_curve_fitting.h">
      <Filter>Header Files</Filter>
    </ClInclude>
    <ClInclude Include="E:\workspace\reconstruction\Easy3D-main\easy3d\core\spline_curve_interpolation.h">
      <Filter>Header Files</Filter>
    </ClInclude>
    <ClInclude Include="E:\workspace\reconstruction\Easy3D-main\easy3d\core\spline_interpolation.h">
      <Filter>Header Files</Filter>
    </ClInclude>
    <ClInclude Include="E:\workspace\reconstruction\Easy3D-main\easy3d\core\surface_mesh.h">
      <Filter>Header Files</Filter>
    </ClInclude>
    <ClInclude Include="E:\workspace\reconstruction\Easy3D-main\easy3d\core\poly_mesh.h">
      <Filter>Header Files</Filter>
    </ClInclude>
    <ClInclude Include="E:\workspace\reconstruction\Easy3D-main\easy3d\core\polygon.h">
      <Filter>Header Files</Filter>
    </ClInclude>
    <ClInclude Include="E:\workspace\reconstruction\Easy3D-main\easy3d\core\types.h">
      <Filter>Header Files</Filter>
    </ClInclude>
    <ClInclude Include="E:\workspace\reconstruction\Easy3D-main\easy3d\core\vec.h">
      <Filter>Header Files</Filter>
    </ClInclude>
    <ClInclude Include="E:\workspace\reconstruction\Easy3D-main\easy3d\core\version.h">
      <Filter>Header Files</Filter>
    </ClInclude>
  </ItemGroup>
  <ItemGroup>
    <CustomBuild Include="E:\workspace\reconstruction\Easy3D-main\easy3d\core\CMakeLists.txt" />
  </ItemGroup>
  <ItemGroup>
    <Filter Include="Header Files">
      <UniqueIdentifier>{3A600367-FE1B-315F-8EBC-353052051363}</UniqueIdentifier>
    </Filter>
    <Filter Include="Source Files">
      <UniqueIdentifier>{3E83A2FA-8FB0-3AB0-830A-E75B3DB82788}</UniqueIdentifier>
    </Filter>
  </ItemGroup>
</Project>
