
Microsoft Visual Studio Solution File, Format Version 12.00
# Visual Studio 15
Project("{2150E333-8FDC-42A3-9474-1A3956D46DE8}") = "3rd_party", "3rd_party", "{FCCCFDF1-7AC1-384E-A6B0-2D68B765DE36}"
EndProject
Project("{2150E333-8FDC-42A3-9474-1A3956D46DE8}") = "CMakePredefinedTargets", "CMakePredefinedTargets", "{2B4B628E-1E41-34E9-B194-ED7DFBE47FBA}"
EndProject
Project("{2150E333-8FDC-42A3-9474-1A3956D46DE8}") = "applications", "applications", "{479802B6-336E-3CE0-AA31-EA16138D8146}"
EndProject
Project("{2150E333-8FDC-42A3-9474-1A3956D46DE8}") = "easy3d", "easy3d", "{F2DB40FF-33AA-3D3D-BC45-05855D726E2F}"
EndProject
Project("{8BC9CEB8-8B4A-11D0-8D11-00A0C91BC942}") = "ALL_BUILD", "ALL_BUILD.vcxproj", "{8DFAC6B5-63CF-35E7-89F6-CF710375D5AC}"
	ProjectSection(ProjectDependencies) = postProject
		{EA0BDE79-FBB3-31E8-9981-02938E798DB5} = {EA0BDE79-FBB3-31E8-9981-02938E798DB5}
		{14EEAA4B-B71A-3483-B243-FA07BA8DB49A} = {14EEAA4B-B71A-3483-B243-FA07BA8DB49A}
	EndProjectSection
EndProject
Project("{8BC9CEB8-8B4A-11D0-8D11-00A0C91BC942}") = "3rd_backward", "..\..\3rd_party\backward\3rd_backward.vcxproj", "{32C903B1-ECF1-3F7D-8298-BB82888CA150}"
	ProjectSection(ProjectDependencies) = postProject
		{14EEAA4B-B71A-3483-B243-FA07BA8DB49A} = {14EEAA4B-B71A-3483-B243-FA07BA8DB49A}
	EndProjectSection
EndProject
Project("{8BC9CEB8-8B4A-11D0-8D11-00A0C91BC942}") = "3rd_easyloggingpp", "..\..\3rd_party\easyloggingpp\3rd_easyloggingpp.vcxproj", "{922C2CE9-699C-32C3-B07A-085C374AAEC6}"
	ProjectSection(ProjectDependencies) = postProject
		{14EEAA4B-B71A-3483-B243-FA07BA8DB49A} = {14EEAA4B-B71A-3483-B243-FA07BA8DB49A}
	EndProjectSection
EndProject
Project("{8BC9CEB8-8B4A-11D0-8D11-00A0C91BC942}") = "3rd_glew", "..\..\3rd_party\glew\3rd_glew.vcxproj", "{D7F78400-F6C8-32C4-8531-92E370062C32}"
	ProjectSection(ProjectDependencies) = postProject
		{14EEAA4B-B71A-3483-B243-FA07BA8DB49A} = {14EEAA4B-B71A-3483-B243-FA07BA8DB49A}
	EndProjectSection
EndProject
Project("{8BC9CEB8-8B4A-11D0-8D11-00A0C91BC942}") = "3rd_glutess", "..\..\3rd_party\glutess\3rd_glutess.vcxproj", "{9080BC45-C398-3B0A-B87D-40FEDF89E62F}"
	ProjectSection(ProjectDependencies) = postProject
		{14EEAA4B-B71A-3483-B243-FA07BA8DB49A} = {14EEAA4B-B71A-3483-B243-FA07BA8DB49A}
	EndProjectSection
EndProject
Project("{8BC9CEB8-8B4A-11D0-8D11-00A0C91BC942}") = "3rd_kdtree", "..\..\3rd_party\kdtree\3rd_kdtree.vcxproj", "{590CEC96-142D-3FF2-B67F-43FC5D144D9A}"
	ProjectSection(ProjectDependencies) = postProject
		{14EEAA4B-B71A-3483-B243-FA07BA8DB49A} = {14EEAA4B-B71A-3483-B243-FA07BA8DB49A}
	EndProjectSection
EndProject
Project("{8BC9CEB8-8B4A-11D0-8D11-00A0C91BC942}") = "3rd_lastools", "..\..\3rd_party\lastools\3rd_lastools.vcxproj", "{B203A592-DE12-3B27-A417-7EF179D738D8}"
	ProjectSection(ProjectDependencies) = postProject
		{14EEAA4B-B71A-3483-B243-FA07BA8DB49A} = {14EEAA4B-B71A-3483-B243-FA07BA8DB49A}
	EndProjectSection
EndProject
Project("{8BC9CEB8-8B4A-11D0-8D11-00A0C91BC942}") = "3rd_poisson", "..\..\3rd_party\poisson\3rd_poisson.vcxproj", "{4B705ABC-3C22-36D2-9E68-D9CB8BE110D9}"
	ProjectSection(ProjectDependencies) = postProject
		{14EEAA4B-B71A-3483-B243-FA07BA8DB49A} = {14EEAA4B-B71A-3483-B243-FA07BA8DB49A}
	EndProjectSection
EndProject
Project("{8BC9CEB8-8B4A-11D0-8D11-00A0C91BC942}") = "3rd_ransac", "..\..\3rd_party\ransac\3rd_ransac.vcxproj", "{74040708-0D56-3BA1-B0F5-D4874ABA7AA9}"
	ProjectSection(ProjectDependencies) = postProject
		{14EEAA4B-B71A-3483-B243-FA07BA8DB49A} = {14EEAA4B-B71A-3483-B243-FA07BA8DB49A}
	EndProjectSection
EndProject
Project("{8BC9CEB8-8B4A-11D0-8D11-00A0C91BC942}") = "3rd_rply", "..\..\3rd_party\rply\3rd_rply.vcxproj", "{1D6C1E15-796E-3A4F-9A56-06F7CA4DC296}"
	ProjectSection(ProjectDependencies) = postProject
		{14EEAA4B-B71A-3483-B243-FA07BA8DB49A} = {14EEAA4B-B71A-3483-B243-FA07BA8DB49A}
	EndProjectSection
EndProject
Project("{8BC9CEB8-8B4A-11D0-8D11-00A0C91BC942}") = "3rd_tetgen", "..\..\3rd_party\tetgen\3rd_tetgen.vcxproj", "{6F2F36F8-36F7-3D51-99B7-F93E83E5AE8A}"
	ProjectSection(ProjectDependencies) = postProject
		{14EEAA4B-B71A-3483-B243-FA07BA8DB49A} = {14EEAA4B-B71A-3483-B243-FA07BA8DB49A}
	EndProjectSection
EndProject
Project("{8BC9CEB8-8B4A-11D0-8D11-00A0C91BC942}") = "3rd_triangle", "..\..\3rd_party\triangle\3rd_triangle.vcxproj", "{97A50E10-60EC-3102-9F67-2870381A109C}"
	ProjectSection(ProjectDependencies) = postProject
		{14EEAA4B-B71A-3483-B243-FA07BA8DB49A} = {14EEAA4B-B71A-3483-B243-FA07BA8DB49A}
	EndProjectSection
EndProject
Project("{8BC9CEB8-8B4A-11D0-8D11-00A0C91BC942}") = "INSTALL", "INSTALL.vcxproj", "{D9CC6F55-99A1-31FF-83A0-E10335FAD835}"
	ProjectSection(ProjectDependencies) = postProject
		{8DFAC6B5-63CF-35E7-89F6-CF710375D5AC} = {8DFAC6B5-63CF-35E7-89F6-CF710375D5AC}
		{14EEAA4B-B71A-3483-B243-FA07BA8DB49A} = {14EEAA4B-B71A-3483-B243-FA07BA8DB49A}
	EndProjectSection
EndProject
Project("{8BC9CEB8-8B4A-11D0-8D11-00A0C91BC942}") = "Mapple", "Mapple.vcxproj", "{EA0BDE79-FBB3-31E8-9981-02938E798DB5}"
	ProjectSection(ProjectDependencies) = postProject
		{32C903B1-ECF1-3F7D-8298-BB82888CA150} = {32C903B1-ECF1-3F7D-8298-BB82888CA150}
		{922C2CE9-699C-32C3-B07A-085C374AAEC6} = {922C2CE9-699C-32C3-B07A-085C374AAEC6}
		{D7F78400-F6C8-32C4-8531-92E370062C32} = {D7F78400-F6C8-32C4-8531-92E370062C32}
		{9080BC45-C398-3B0A-B87D-40FEDF89E62F} = {9080BC45-C398-3B0A-B87D-40FEDF89E62F}
		{590CEC96-142D-3FF2-B67F-43FC5D144D9A} = {590CEC96-142D-3FF2-B67F-43FC5D144D9A}
		{B203A592-DE12-3B27-A417-7EF179D738D8} = {B203A592-DE12-3B27-A417-7EF179D738D8}
		{4B705ABC-3C22-36D2-9E68-D9CB8BE110D9} = {4B705ABC-3C22-36D2-9E68-D9CB8BE110D9}
		{74040708-0D56-3BA1-B0F5-D4874ABA7AA9} = {74040708-0D56-3BA1-B0F5-D4874ABA7AA9}
		{1D6C1E15-796E-3A4F-9A56-06F7CA4DC296} = {1D6C1E15-796E-3A4F-9A56-06F7CA4DC296}
		{6F2F36F8-36F7-3D51-99B7-F93E83E5AE8A} = {6F2F36F8-36F7-3D51-99B7-F93E83E5AE8A}
		{97A50E10-60EC-3102-9F67-2870381A109C} = {97A50E10-60EC-3102-9F67-2870381A109C}
		{14EEAA4B-B71A-3483-B243-FA07BA8DB49A} = {14EEAA4B-B71A-3483-B243-FA07BA8DB49A}
		{12AF9EC7-A6AD-3DA8-AAE1-D1D9C9AAA6DE} = {12AF9EC7-A6AD-3DA8-AAE1-D1D9C9AAA6DE}
		{32EE28DA-CBCE-3CEE-B0E4-D4304754F72D} = {32EE28DA-CBCE-3CEE-B0E4-D4304754F72D}
		{740CE8A0-B307-3B94-A274-359006B49F2F} = {740CE8A0-B307-3B94-A274-359006B49F2F}
		{B1652914-0261-3CF3-850F-810849D6790A} = {B1652914-0261-3CF3-850F-810849D6790A}
		{B5BB8B32-27AA-39C3-8D14-71B1819F6766} = {B5BB8B32-27AA-39C3-8D14-71B1819F6766}
		{B2D3EBA1-C169-3C8C-A8C3-F1DFB67D1ABC} = {B2D3EBA1-C169-3C8C-A8C3-F1DFB67D1ABC}
		{08AEC4CF-8520-3839-9823-151C4D90F833} = {08AEC4CF-8520-3839-9823-151C4D90F833}
		{0F754C2A-E026-3BF2-A196-94FCA225AD70} = {0F754C2A-E026-3BF2-A196-94FCA225AD70}
	EndProjectSection
EndProject
Project("{8BC9CEB8-8B4A-11D0-8D11-00A0C91BC942}") = "ZERO_CHECK", "..\..\\ZERO_CHECK.vcxproj", "{14EEAA4B-B71A-3483-B243-FA07BA8DB49A}"
	ProjectSection(ProjectDependencies) = postProject
	EndProjectSection
EndProject
Project("{8BC9CEB8-8B4A-11D0-8D11-00A0C91BC942}") = "easy3d_algo", "..\..\easy3d\algo\easy3d_algo.vcxproj", "{12AF9EC7-A6AD-3DA8-AAE1-D1D9C9AAA6DE}"
	ProjectSection(ProjectDependencies) = postProject
		{32C903B1-ECF1-3F7D-8298-BB82888CA150} = {32C903B1-ECF1-3F7D-8298-BB82888CA150}
		{922C2CE9-699C-32C3-B07A-085C374AAEC6} = {922C2CE9-699C-32C3-B07A-085C374AAEC6}
		{9080BC45-C398-3B0A-B87D-40FEDF89E62F} = {9080BC45-C398-3B0A-B87D-40FEDF89E62F}
		{590CEC96-142D-3FF2-B67F-43FC5D144D9A} = {590CEC96-142D-3FF2-B67F-43FC5D144D9A}
		{4B705ABC-3C22-36D2-9E68-D9CB8BE110D9} = {4B705ABC-3C22-36D2-9E68-D9CB8BE110D9}
		{74040708-0D56-3BA1-B0F5-D4874ABA7AA9} = {74040708-0D56-3BA1-B0F5-D4874ABA7AA9}
		{6F2F36F8-36F7-3D51-99B7-F93E83E5AE8A} = {6F2F36F8-36F7-3D51-99B7-F93E83E5AE8A}
		{97A50E10-60EC-3102-9F67-2870381A109C} = {97A50E10-60EC-3102-9F67-2870381A109C}
		{14EEAA4B-B71A-3483-B243-FA07BA8DB49A} = {14EEAA4B-B71A-3483-B243-FA07BA8DB49A}
		{740CE8A0-B307-3B94-A274-359006B49F2F} = {740CE8A0-B307-3B94-A274-359006B49F2F}
		{B2D3EBA1-C169-3C8C-A8C3-F1DFB67D1ABC} = {B2D3EBA1-C169-3C8C-A8C3-F1DFB67D1ABC}
		{0F754C2A-E026-3BF2-A196-94FCA225AD70} = {0F754C2A-E026-3BF2-A196-94FCA225AD70}
	EndProjectSection
EndProject
Project("{8BC9CEB8-8B4A-11D0-8D11-00A0C91BC942}") = "easy3d_algo_ext", "..\..\easy3d\algo_ext\easy3d_algo_ext.vcxproj", "{32EE28DA-CBCE-3CEE-B0E4-D4304754F72D}"
	ProjectSection(ProjectDependencies) = postProject
		{32C903B1-ECF1-3F7D-8298-BB82888CA150} = {32C903B1-ECF1-3F7D-8298-BB82888CA150}
		{922C2CE9-699C-32C3-B07A-085C374AAEC6} = {922C2CE9-699C-32C3-B07A-085C374AAEC6}
		{14EEAA4B-B71A-3483-B243-FA07BA8DB49A} = {14EEAA4B-B71A-3483-B243-FA07BA8DB49A}
		{740CE8A0-B307-3B94-A274-359006B49F2F} = {740CE8A0-B307-3B94-A274-359006B49F2F}
		{0F754C2A-E026-3BF2-A196-94FCA225AD70} = {0F754C2A-E026-3BF2-A196-94FCA225AD70}
	EndProjectSection
EndProject
Project("{8BC9CEB8-8B4A-11D0-8D11-00A0C91BC942}") = "easy3d_core", "..\..\easy3d\core\easy3d_core.vcxproj", "{740CE8A0-B307-3B94-A274-359006B49F2F}"
	ProjectSection(ProjectDependencies) = postProject
		{32C903B1-ECF1-3F7D-8298-BB82888CA150} = {32C903B1-ECF1-3F7D-8298-BB82888CA150}
		{922C2CE9-699C-32C3-B07A-085C374AAEC6} = {922C2CE9-699C-32C3-B07A-085C374AAEC6}
		{14EEAA4B-B71A-3483-B243-FA07BA8DB49A} = {14EEAA4B-B71A-3483-B243-FA07BA8DB49A}
		{0F754C2A-E026-3BF2-A196-94FCA225AD70} = {0F754C2A-E026-3BF2-A196-94FCA225AD70}
	EndProjectSection
EndProject
Project("{8BC9CEB8-8B4A-11D0-8D11-00A0C91BC942}") = "easy3d_fileio", "..\..\easy3d\fileio\easy3d_fileio.vcxproj", "{B1652914-0261-3CF3-850F-810849D6790A}"
	ProjectSection(ProjectDependencies) = postProject
		{32C903B1-ECF1-3F7D-8298-BB82888CA150} = {32C903B1-ECF1-3F7D-8298-BB82888CA150}
		{922C2CE9-699C-32C3-B07A-085C374AAEC6} = {922C2CE9-699C-32C3-B07A-085C374AAEC6}
		{B203A592-DE12-3B27-A417-7EF179D738D8} = {B203A592-DE12-3B27-A417-7EF179D738D8}
		{1D6C1E15-796E-3A4F-9A56-06F7CA4DC296} = {1D6C1E15-796E-3A4F-9A56-06F7CA4DC296}
		{14EEAA4B-B71A-3483-B243-FA07BA8DB49A} = {14EEAA4B-B71A-3483-B243-FA07BA8DB49A}
		{740CE8A0-B307-3B94-A274-359006B49F2F} = {740CE8A0-B307-3B94-A274-359006B49F2F}
		{0F754C2A-E026-3BF2-A196-94FCA225AD70} = {0F754C2A-E026-3BF2-A196-94FCA225AD70}
	EndProjectSection
EndProject
Project("{8BC9CEB8-8B4A-11D0-8D11-00A0C91BC942}") = "easy3d_gui", "..\..\easy3d\gui\easy3d_gui.vcxproj", "{B5BB8B32-27AA-39C3-8D14-71B1819F6766}"
	ProjectSection(ProjectDependencies) = postProject
		{32C903B1-ECF1-3F7D-8298-BB82888CA150} = {32C903B1-ECF1-3F7D-8298-BB82888CA150}
		{922C2CE9-699C-32C3-B07A-085C374AAEC6} = {922C2CE9-699C-32C3-B07A-085C374AAEC6}
		{D7F78400-F6C8-32C4-8531-92E370062C32} = {D7F78400-F6C8-32C4-8531-92E370062C32}
		{9080BC45-C398-3B0A-B87D-40FEDF89E62F} = {9080BC45-C398-3B0A-B87D-40FEDF89E62F}
		{590CEC96-142D-3FF2-B67F-43FC5D144D9A} = {590CEC96-142D-3FF2-B67F-43FC5D144D9A}
		{B203A592-DE12-3B27-A417-7EF179D738D8} = {B203A592-DE12-3B27-A417-7EF179D738D8}
		{4B705ABC-3C22-36D2-9E68-D9CB8BE110D9} = {4B705ABC-3C22-36D2-9E68-D9CB8BE110D9}
		{74040708-0D56-3BA1-B0F5-D4874ABA7AA9} = {74040708-0D56-3BA1-B0F5-D4874ABA7AA9}
		{1D6C1E15-796E-3A4F-9A56-06F7CA4DC296} = {1D6C1E15-796E-3A4F-9A56-06F7CA4DC296}
		{6F2F36F8-36F7-3D51-99B7-F93E83E5AE8A} = {6F2F36F8-36F7-3D51-99B7-F93E83E5AE8A}
		{97A50E10-60EC-3102-9F67-2870381A109C} = {97A50E10-60EC-3102-9F67-2870381A109C}
		{14EEAA4B-B71A-3483-B243-FA07BA8DB49A} = {14EEAA4B-B71A-3483-B243-FA07BA8DB49A}
		{12AF9EC7-A6AD-3DA8-AAE1-D1D9C9AAA6DE} = {12AF9EC7-A6AD-3DA8-AAE1-D1D9C9AAA6DE}
		{740CE8A0-B307-3B94-A274-359006B49F2F} = {740CE8A0-B307-3B94-A274-359006B49F2F}
		{B1652914-0261-3CF3-850F-810849D6790A} = {B1652914-0261-3CF3-850F-810849D6790A}
		{B2D3EBA1-C169-3C8C-A8C3-F1DFB67D1ABC} = {B2D3EBA1-C169-3C8C-A8C3-F1DFB67D1ABC}
		{08AEC4CF-8520-3839-9823-151C4D90F833} = {08AEC4CF-8520-3839-9823-151C4D90F833}
		{0F754C2A-E026-3BF2-A196-94FCA225AD70} = {0F754C2A-E026-3BF2-A196-94FCA225AD70}
	EndProjectSection
EndProject
Project("{8BC9CEB8-8B4A-11D0-8D11-00A0C91BC942}") = "easy3d_kdtree", "..\..\easy3d\kdtree\easy3d_kdtree.vcxproj", "{B2D3EBA1-C169-3C8C-A8C3-F1DFB67D1ABC}"
	ProjectSection(ProjectDependencies) = postProject
		{32C903B1-ECF1-3F7D-8298-BB82888CA150} = {32C903B1-ECF1-3F7D-8298-BB82888CA150}
		{922C2CE9-699C-32C3-B07A-085C374AAEC6} = {922C2CE9-699C-32C3-B07A-085C374AAEC6}
		{590CEC96-142D-3FF2-B67F-43FC5D144D9A} = {590CEC96-142D-3FF2-B67F-43FC5D144D9A}
		{14EEAA4B-B71A-3483-B243-FA07BA8DB49A} = {14EEAA4B-B71A-3483-B243-FA07BA8DB49A}
		{740CE8A0-B307-3B94-A274-359006B49F2F} = {740CE8A0-B307-3B94-A274-359006B49F2F}
		{0F754C2A-E026-3BF2-A196-94FCA225AD70} = {0F754C2A-E026-3BF2-A196-94FCA225AD70}
	EndProjectSection
EndProject
Project("{8BC9CEB8-8B4A-11D0-8D11-00A0C91BC942}") = "easy3d_renderer", "..\..\easy3d\renderer\easy3d_renderer.vcxproj", "{08AEC4CF-8520-3839-9823-151C4D90F833}"
	ProjectSection(ProjectDependencies) = postProject
		{32C903B1-ECF1-3F7D-8298-BB82888CA150} = {32C903B1-ECF1-3F7D-8298-BB82888CA150}
		{922C2CE9-699C-32C3-B07A-085C374AAEC6} = {922C2CE9-699C-32C3-B07A-085C374AAEC6}
		{D7F78400-F6C8-32C4-8531-92E370062C32} = {D7F78400-F6C8-32C4-8531-92E370062C32}
		{9080BC45-C398-3B0A-B87D-40FEDF89E62F} = {9080BC45-C398-3B0A-B87D-40FEDF89E62F}
		{590CEC96-142D-3FF2-B67F-43FC5D144D9A} = {590CEC96-142D-3FF2-B67F-43FC5D144D9A}
		{B203A592-DE12-3B27-A417-7EF179D738D8} = {B203A592-DE12-3B27-A417-7EF179D738D8}
		{4B705ABC-3C22-36D2-9E68-D9CB8BE110D9} = {4B705ABC-3C22-36D2-9E68-D9CB8BE110D9}
		{74040708-0D56-3BA1-B0F5-D4874ABA7AA9} = {74040708-0D56-3BA1-B0F5-D4874ABA7AA9}
		{1D6C1E15-796E-3A4F-9A56-06F7CA4DC296} = {1D6C1E15-796E-3A4F-9A56-06F7CA4DC296}
		{6F2F36F8-36F7-3D51-99B7-F93E83E5AE8A} = {6F2F36F8-36F7-3D51-99B7-F93E83E5AE8A}
		{97A50E10-60EC-3102-9F67-2870381A109C} = {97A50E10-60EC-3102-9F67-2870381A109C}
		{14EEAA4B-B71A-3483-B243-FA07BA8DB49A} = {14EEAA4B-B71A-3483-B243-FA07BA8DB49A}
		{12AF9EC7-A6AD-3DA8-AAE1-D1D9C9AAA6DE} = {12AF9EC7-A6AD-3DA8-AAE1-D1D9C9AAA6DE}
		{740CE8A0-B307-3B94-A274-359006B49F2F} = {740CE8A0-B307-3B94-A274-359006B49F2F}
		{B1652914-0261-3CF3-850F-810849D6790A} = {B1652914-0261-3CF3-850F-810849D6790A}
		{B2D3EBA1-C169-3C8C-A8C3-F1DFB67D1ABC} = {B2D3EBA1-C169-3C8C-A8C3-F1DFB67D1ABC}
		{0F754C2A-E026-3BF2-A196-94FCA225AD70} = {0F754C2A-E026-3BF2-A196-94FCA225AD70}
	EndProjectSection
EndProject
Project("{8BC9CEB8-8B4A-11D0-8D11-00A0C91BC942}") = "easy3d_util", "..\..\easy3d\util\easy3d_util.vcxproj", "{0F754C2A-E026-3BF2-A196-94FCA225AD70}"
	ProjectSection(ProjectDependencies) = postProject
		{32C903B1-ECF1-3F7D-8298-BB82888CA150} = {32C903B1-ECF1-3F7D-8298-BB82888CA150}
		{922C2CE9-699C-32C3-B07A-085C374AAEC6} = {922C2CE9-699C-32C3-B07A-085C374AAEC6}
		{14EEAA4B-B71A-3483-B243-FA07BA8DB49A} = {14EEAA4B-B71A-3483-B243-FA07BA8DB49A}
	EndProjectSection
EndProject
Global
	GlobalSection(SolutionConfigurationPlatforms) = preSolution
		Debug|Win32 = Debug|Win32
		Release|Win32 = Release|Win32
		MinSizeRel|Win32 = MinSizeRel|Win32
		RelWithDebInfo|Win32 = RelWithDebInfo|Win32
	EndGlobalSection
	GlobalSection(ProjectConfigurationPlatforms) = postSolution
		{8DFAC6B5-63CF-35E7-89F6-CF710375D5AC}.Debug|Win32.ActiveCfg = Debug|Win32
		{8DFAC6B5-63CF-35E7-89F6-CF710375D5AC}.Debug|Win32.Build.0 = Debug|Win32
		{8DFAC6B5-63CF-35E7-89F6-CF710375D5AC}.Release|Win32.ActiveCfg = Release|Win32
		{8DFAC6B5-63CF-35E7-89F6-CF710375D5AC}.Release|Win32.Build.0 = Release|Win32
		{8DFAC6B5-63CF-35E7-89F6-CF710375D5AC}.MinSizeRel|Win32.ActiveCfg = MinSizeRel|Win32
		{8DFAC6B5-63CF-35E7-89F6-CF710375D5AC}.MinSizeRel|Win32.Build.0 = MinSizeRel|Win32
		{8DFAC6B5-63CF-35E7-89F6-CF710375D5AC}.RelWithDebInfo|Win32.ActiveCfg = RelWithDebInfo|Win32
		{8DFAC6B5-63CF-35E7-89F6-CF710375D5AC}.RelWithDebInfo|Win32.Build.0 = RelWithDebInfo|Win32
		{32C903B1-ECF1-3F7D-8298-BB82888CA150}.Debug|Win32.ActiveCfg = Debug|Win32
		{32C903B1-ECF1-3F7D-8298-BB82888CA150}.Debug|Win32.Build.0 = Debug|Win32
		{32C903B1-ECF1-3F7D-8298-BB82888CA150}.Release|Win32.ActiveCfg = Release|Win32
		{32C903B1-ECF1-3F7D-8298-BB82888CA150}.Release|Win32.Build.0 = Release|Win32
		{32C903B1-ECF1-3F7D-8298-BB82888CA150}.MinSizeRel|Win32.ActiveCfg = MinSizeRel|Win32
		{32C903B1-ECF1-3F7D-8298-BB82888CA150}.MinSizeRel|Win32.Build.0 = MinSizeRel|Win32
		{32C903B1-ECF1-3F7D-8298-BB82888CA150}.RelWithDebInfo|Win32.ActiveCfg = RelWithDebInfo|Win32
		{32C903B1-ECF1-3F7D-8298-BB82888CA150}.RelWithDebInfo|Win32.Build.0 = RelWithDebInfo|Win32
		{922C2CE9-699C-32C3-B07A-085C374AAEC6}.Debug|Win32.ActiveCfg = Debug|Win32
		{922C2CE9-699C-32C3-B07A-085C374AAEC6}.Debug|Win32.Build.0 = Debug|Win32
		{922C2CE9-699C-32C3-B07A-085C374AAEC6}.Release|Win32.ActiveCfg = Release|Win32
		{922C2CE9-699C-32C3-B07A-085C374AAEC6}.Release|Win32.Build.0 = Release|Win32
		{922C2CE9-699C-32C3-B07A-085C374AAEC6}.MinSizeRel|Win32.ActiveCfg = MinSizeRel|Win32
		{922C2CE9-699C-32C3-B07A-085C374AAEC6}.MinSizeRel|Win32.Build.0 = MinSizeRel|Win32
		{922C2CE9-699C-32C3-B07A-085C374AAEC6}.RelWithDebInfo|Win32.ActiveCfg = RelWithDebInfo|Win32
		{922C2CE9-699C-32C3-B07A-085C374AAEC6}.RelWithDebInfo|Win32.Build.0 = RelWithDebInfo|Win32
		{D7F78400-F6C8-32C4-8531-92E370062C32}.Debug|Win32.ActiveCfg = Debug|Win32
		{D7F78400-F6C8-32C4-8531-92E370062C32}.Debug|Win32.Build.0 = Debug|Win32
		{D7F78400-F6C8-32C4-8531-92E370062C32}.Release|Win32.ActiveCfg = Release|Win32
		{D7F78400-F6C8-32C4-8531-92E370062C32}.Release|Win32.Build.0 = Release|Win32
		{D7F78400-F6C8-32C4-8531-92E370062C32}.MinSizeRel|Win32.ActiveCfg = MinSizeRel|Win32
		{D7F78400-F6C8-32C4-8531-92E370062C32}.MinSizeRel|Win32.Build.0 = MinSizeRel|Win32
		{D7F78400-F6C8-32C4-8531-92E370062C32}.RelWithDebInfo|Win32.ActiveCfg = RelWithDebInfo|Win32
		{D7F78400-F6C8-32C4-8531-92E370062C32}.RelWithDebInfo|Win32.Build.0 = RelWithDebInfo|Win32
		{9080BC45-C398-3B0A-B87D-40FEDF89E62F}.Debug|Win32.ActiveCfg = Debug|Win32
		{9080BC45-C398-3B0A-B87D-40FEDF89E62F}.Debug|Win32.Build.0 = Debug|Win32
		{9080BC45-C398-3B0A-B87D-40FEDF89E62F}.Release|Win32.ActiveCfg = Release|Win32
		{9080BC45-C398-3B0A-B87D-40FEDF89E62F}.Release|Win32.Build.0 = Release|Win32
		{9080BC45-C398-3B0A-B87D-40FEDF89E62F}.MinSizeRel|Win32.ActiveCfg = MinSizeRel|Win32
		{9080BC45-C398-3B0A-B87D-40FEDF89E62F}.MinSizeRel|Win32.Build.0 = MinSizeRel|Win32
		{9080BC45-C398-3B0A-B87D-40FEDF89E62F}.RelWithDebInfo|Win32.ActiveCfg = RelWithDebInfo|Win32
		{9080BC45-C398-3B0A-B87D-40FEDF89E62F}.RelWithDebInfo|Win32.Build.0 = RelWithDebInfo|Win32
		{590CEC96-142D-3FF2-B67F-43FC5D144D9A}.Debug|Win32.ActiveCfg = Debug|Win32
		{590CEC96-142D-3FF2-B67F-43FC5D144D9A}.Debug|Win32.Build.0 = Debug|Win32
		{590CEC96-142D-3FF2-B67F-43FC5D144D9A}.Release|Win32.ActiveCfg = Release|Win32
		{590CEC96-142D-3FF2-B67F-43FC5D144D9A}.Release|Win32.Build.0 = Release|Win32
		{590CEC96-142D-3FF2-B67F-43FC5D144D9A}.MinSizeRel|Win32.ActiveCfg = MinSizeRel|Win32
		{590CEC96-142D-3FF2-B67F-43FC5D144D9A}.MinSizeRel|Win32.Build.0 = MinSizeRel|Win32
		{590CEC96-142D-3FF2-B67F-43FC5D144D9A}.RelWithDebInfo|Win32.ActiveCfg = RelWithDebInfo|Win32
		{590CEC96-142D-3FF2-B67F-43FC5D144D9A}.RelWithDebInfo|Win32.Build.0 = RelWithDebInfo|Win32
		{B203A592-DE12-3B27-A417-7EF179D738D8}.Debug|Win32.ActiveCfg = Debug|Win32
		{B203A592-DE12-3B27-A417-7EF179D738D8}.Debug|Win32.Build.0 = Debug|Win32
		{B203A592-DE12-3B27-A417-7EF179D738D8}.Release|Win32.ActiveCfg = Release|Win32
		{B203A592-DE12-3B27-A417-7EF179D738D8}.Release|Win32.Build.0 = Release|Win32
		{B203A592-DE12-3B27-A417-7EF179D738D8}.MinSizeRel|Win32.ActiveCfg = MinSizeRel|Win32
		{B203A592-DE12-3B27-A417-7EF179D738D8}.MinSizeRel|Win32.Build.0 = MinSizeRel|Win32
		{B203A592-DE12-3B27-A417-7EF179D738D8}.RelWithDebInfo|Win32.ActiveCfg = RelWithDebInfo|Win32
		{B203A592-DE12-3B27-A417-7EF179D738D8}.RelWithDebInfo|Win32.Build.0 = RelWithDebInfo|Win32
		{4B705ABC-3C22-36D2-9E68-D9CB8BE110D9}.Debug|Win32.ActiveCfg = Debug|Win32
		{4B705ABC-3C22-36D2-9E68-D9CB8BE110D9}.Debug|Win32.Build.0 = Debug|Win32
		{4B705ABC-3C22-36D2-9E68-D9CB8BE110D9}.Release|Win32.ActiveCfg = Release|Win32
		{4B705ABC-3C22-36D2-9E68-D9CB8BE110D9}.Release|Win32.Build.0 = Release|Win32
		{4B705ABC-3C22-36D2-9E68-D9CB8BE110D9}.MinSizeRel|Win32.ActiveCfg = MinSizeRel|Win32
		{4B705ABC-3C22-36D2-9E68-D9CB8BE110D9}.MinSizeRel|Win32.Build.0 = MinSizeRel|Win32
		{4B705ABC-3C22-36D2-9E68-D9CB8BE110D9}.RelWithDebInfo|Win32.ActiveCfg = RelWithDebInfo|Win32
		{4B705ABC-3C22-36D2-9E68-D9CB8BE110D9}.RelWithDebInfo|Win32.Build.0 = RelWithDebInfo|Win32
		{74040708-0D56-3BA1-B0F5-D4874ABA7AA9}.Debug|Win32.ActiveCfg = Debug|Win32
		{74040708-0D56-3BA1-B0F5-D4874ABA7AA9}.Debug|Win32.Build.0 = Debug|Win32
		{74040708-0D56-3BA1-B0F5-D4874ABA7AA9}.Release|Win32.ActiveCfg = Release|Win32
		{74040708-0D56-3BA1-B0F5-D4874ABA7AA9}.Release|Win32.Build.0 = Release|Win32
		{74040708-0D56-3BA1-B0F5-D4874ABA7AA9}.MinSizeRel|Win32.ActiveCfg = MinSizeRel|Win32
		{74040708-0D56-3BA1-B0F5-D4874ABA7AA9}.MinSizeRel|Win32.Build.0 = MinSizeRel|Win32
		{74040708-0D56-3BA1-B0F5-D4874ABA7AA9}.RelWithDebInfo|Win32.ActiveCfg = RelWithDebInfo|Win32
		{74040708-0D56-3BA1-B0F5-D4874ABA7AA9}.RelWithDebInfo|Win32.Build.0 = RelWithDebInfo|Win32
		{1D6C1E15-796E-3A4F-9A56-06F7CA4DC296}.Debug|Win32.ActiveCfg = Debug|Win32
		{1D6C1E15-796E-3A4F-9A56-06F7CA4DC296}.Debug|Win32.Build.0 = Debug|Win32
		{1D6C1E15-796E-3A4F-9A56-06F7CA4DC296}.Release|Win32.ActiveCfg = Release|Win32
		{1D6C1E15-796E-3A4F-9A56-06F7CA4DC296}.Release|Win32.Build.0 = Release|Win32
		{1D6C1E15-796E-3A4F-9A56-06F7CA4DC296}.MinSizeRel|Win32.ActiveCfg = MinSizeRel|Win32
		{1D6C1E15-796E-3A4F-9A56-06F7CA4DC296}.MinSizeRel|Win32.Build.0 = MinSizeRel|Win32
		{1D6C1E15-796E-3A4F-9A56-06F7CA4DC296}.RelWithDebInfo|Win32.ActiveCfg = RelWithDebInfo|Win32
		{1D6C1E15-796E-3A4F-9A56-06F7CA4DC296}.RelWithDebInfo|Win32.Build.0 = RelWithDebInfo|Win32
		{6F2F36F8-36F7-3D51-99B7-F93E83E5AE8A}.Debug|Win32.ActiveCfg = Debug|Win32
		{6F2F36F8-36F7-3D51-99B7-F93E83E5AE8A}.Debug|Win32.Build.0 = Debug|Win32
		{6F2F36F8-36F7-3D51-99B7-F93E83E5AE8A}.Release|Win32.ActiveCfg = Release|Win32
		{6F2F36F8-36F7-3D51-99B7-F93E83E5AE8A}.Release|Win32.Build.0 = Release|Win32
		{6F2F36F8-36F7-3D51-99B7-F93E83E5AE8A}.MinSizeRel|Win32.ActiveCfg = MinSizeRel|Win32
		{6F2F36F8-36F7-3D51-99B7-F93E83E5AE8A}.MinSizeRel|Win32.Build.0 = MinSizeRel|Win32
		{6F2F36F8-36F7-3D51-99B7-F93E83E5AE8A}.RelWithDebInfo|Win32.ActiveCfg = RelWithDebInfo|Win32
		{6F2F36F8-36F7-3D51-99B7-F93E83E5AE8A}.RelWithDebInfo|Win32.Build.0 = RelWithDebInfo|Win32
		{97A50E10-60EC-3102-9F67-2870381A109C}.Debug|Win32.ActiveCfg = Debug|Win32
		{97A50E10-60EC-3102-9F67-2870381A109C}.Debug|Win32.Build.0 = Debug|Win32
		{97A50E10-60EC-3102-9F67-2870381A109C}.Release|Win32.ActiveCfg = Release|Win32
		{97A50E10-60EC-3102-9F67-2870381A109C}.Release|Win32.Build.0 = Release|Win32
		{97A50E10-60EC-3102-9F67-2870381A109C}.MinSizeRel|Win32.ActiveCfg = MinSizeRel|Win32
		{97A50E10-60EC-3102-9F67-2870381A109C}.MinSizeRel|Win32.Build.0 = MinSizeRel|Win32
		{97A50E10-60EC-3102-9F67-2870381A109C}.RelWithDebInfo|Win32.ActiveCfg = RelWithDebInfo|Win32
		{97A50E10-60EC-3102-9F67-2870381A109C}.RelWithDebInfo|Win32.Build.0 = RelWithDebInfo|Win32
		{D9CC6F55-99A1-31FF-83A0-E10335FAD835}.Debug|Win32.ActiveCfg = Debug|Win32
		{D9CC6F55-99A1-31FF-83A0-E10335FAD835}.Release|Win32.ActiveCfg = Release|Win32
		{D9CC6F55-99A1-31FF-83A0-E10335FAD835}.MinSizeRel|Win32.ActiveCfg = MinSizeRel|Win32
		{D9CC6F55-99A1-31FF-83A0-E10335FAD835}.RelWithDebInfo|Win32.ActiveCfg = RelWithDebInfo|Win32
		{EA0BDE79-FBB3-31E8-9981-02938E798DB5}.Debug|Win32.ActiveCfg = Debug|Win32
		{EA0BDE79-FBB3-31E8-9981-02938E798DB5}.Debug|Win32.Build.0 = Debug|Win32
		{EA0BDE79-FBB3-31E8-9981-02938E798DB5}.Release|Win32.ActiveCfg = Release|Win32
		{EA0BDE79-FBB3-31E8-9981-02938E798DB5}.Release|Win32.Build.0 = Release|Win32
		{EA0BDE79-FBB3-31E8-9981-02938E798DB5}.MinSizeRel|Win32.ActiveCfg = MinSizeRel|Win32
		{EA0BDE79-FBB3-31E8-9981-02938E798DB5}.MinSizeRel|Win32.Build.0 = MinSizeRel|Win32
		{EA0BDE79-FBB3-31E8-9981-02938E798DB5}.RelWithDebInfo|Win32.ActiveCfg = RelWithDebInfo|Win32
		{EA0BDE79-FBB3-31E8-9981-02938E798DB5}.RelWithDebInfo|Win32.Build.0 = RelWithDebInfo|Win32
		{14EEAA4B-B71A-3483-B243-FA07BA8DB49A}.Debug|Win32.ActiveCfg = Debug|Win32
		{14EEAA4B-B71A-3483-B243-FA07BA8DB49A}.Debug|Win32.Build.0 = Debug|Win32
		{14EEAA4B-B71A-3483-B243-FA07BA8DB49A}.Release|Win32.ActiveCfg = Release|Win32
		{14EEAA4B-B71A-3483-B243-FA07BA8DB49A}.Release|Win32.Build.0 = Release|Win32
		{14EEAA4B-B71A-3483-B243-FA07BA8DB49A}.MinSizeRel|Win32.ActiveCfg = MinSizeRel|Win32
		{14EEAA4B-B71A-3483-B243-FA07BA8DB49A}.MinSizeRel|Win32.Build.0 = MinSizeRel|Win32
		{14EEAA4B-B71A-3483-B243-FA07BA8DB49A}.RelWithDebInfo|Win32.ActiveCfg = RelWithDebInfo|Win32
		{14EEAA4B-B71A-3483-B243-FA07BA8DB49A}.RelWithDebInfo|Win32.Build.0 = RelWithDebInfo|Win32
		{12AF9EC7-A6AD-3DA8-AAE1-D1D9C9AAA6DE}.Debug|Win32.ActiveCfg = Debug|Win32
		{12AF9EC7-A6AD-3DA8-AAE1-D1D9C9AAA6DE}.Debug|Win32.Build.0 = Debug|Win32
		{12AF9EC7-A6AD-3DA8-AAE1-D1D9C9AAA6DE}.Release|Win32.ActiveCfg = Release|Win32
		{12AF9EC7-A6AD-3DA8-AAE1-D1D9C9AAA6DE}.Release|Win32.Build.0 = Release|Win32
		{12AF9EC7-A6AD-3DA8-AAE1-D1D9C9AAA6DE}.MinSizeRel|Win32.ActiveCfg = MinSizeRel|Win32
		{12AF9EC7-A6AD-3DA8-AAE1-D1D9C9AAA6DE}.MinSizeRel|Win32.Build.0 = MinSizeRel|Win32
		{12AF9EC7-A6AD-3DA8-AAE1-D1D9C9AAA6DE}.RelWithDebInfo|Win32.ActiveCfg = RelWithDebInfo|Win32
		{12AF9EC7-A6AD-3DA8-AAE1-D1D9C9AAA6DE}.RelWithDebInfo|Win32.Build.0 = RelWithDebInfo|Win32
		{32EE28DA-CBCE-3CEE-B0E4-D4304754F72D}.Debug|Win32.ActiveCfg = Debug|Win32
		{32EE28DA-CBCE-3CEE-B0E4-D4304754F72D}.Debug|Win32.Build.0 = Debug|Win32
		{32EE28DA-CBCE-3CEE-B0E4-D4304754F72D}.Release|Win32.ActiveCfg = Release|Win32
		{32EE28DA-CBCE-3CEE-B0E4-D4304754F72D}.Release|Win32.Build.0 = Release|Win32
		{32EE28DA-CBCE-3CEE-B0E4-D4304754F72D}.MinSizeRel|Win32.ActiveCfg = MinSizeRel|Win32
		{32EE28DA-CBCE-3CEE-B0E4-D4304754F72D}.MinSizeRel|Win32.Build.0 = MinSizeRel|Win32
		{32EE28DA-CBCE-3CEE-B0E4-D4304754F72D}.RelWithDebInfo|Win32.ActiveCfg = RelWithDebInfo|Win32
		{32EE28DA-CBCE-3CEE-B0E4-D4304754F72D}.RelWithDebInfo|Win32.Build.0 = RelWithDebInfo|Win32
		{740CE8A0-B307-3B94-A274-359006B49F2F}.Debug|Win32.ActiveCfg = Debug|Win32
		{740CE8A0-B307-3B94-A274-359006B49F2F}.Debug|Win32.Build.0 = Debug|Win32
		{740CE8A0-B307-3B94-A274-359006B49F2F}.Release|Win32.ActiveCfg = Release|Win32
		{740CE8A0-B307-3B94-A274-359006B49F2F}.Release|Win32.Build.0 = Release|Win32
		{740CE8A0-B307-3B94-A274-359006B49F2F}.MinSizeRel|Win32.ActiveCfg = MinSizeRel|Win32
		{740CE8A0-B307-3B94-A274-359006B49F2F}.MinSizeRel|Win32.Build.0 = MinSizeRel|Win32
		{740CE8A0-B307-3B94-A274-359006B49F2F}.RelWithDebInfo|Win32.ActiveCfg = RelWithDebInfo|Win32
		{740CE8A0-B307-3B94-A274-359006B49F2F}.RelWithDebInfo|Win32.Build.0 = RelWithDebInfo|Win32
		{B1652914-0261-3CF3-850F-810849D6790A}.Debug|Win32.ActiveCfg = Debug|Win32
		{B1652914-0261-3CF3-850F-810849D6790A}.Debug|Win32.Build.0 = Debug|Win32
		{B1652914-0261-3CF3-850F-810849D6790A}.Release|Win32.ActiveCfg = Release|Win32
		{B1652914-0261-3CF3-850F-810849D6790A}.Release|Win32.Build.0 = Release|Win32
		{B1652914-0261-3CF3-850F-810849D6790A}.MinSizeRel|Win32.ActiveCfg = MinSizeRel|Win32
		{B1652914-0261-3CF3-850F-810849D6790A}.MinSizeRel|Win32.Build.0 = MinSizeRel|Win32
		{B1652914-0261-3CF3-850F-810849D6790A}.RelWithDebInfo|Win32.ActiveCfg = RelWithDebInfo|Win32
		{B1652914-0261-3CF3-850F-810849D6790A}.RelWithDebInfo|Win32.Build.0 = RelWithDebInfo|Win32
		{B5BB8B32-27AA-39C3-8D14-71B1819F6766}.Debug|Win32.ActiveCfg = Debug|Win32
		{B5BB8B32-27AA-39C3-8D14-71B1819F6766}.Debug|Win32.Build.0 = Debug|Win32
		{B5BB8B32-27AA-39C3-8D14-71B1819F6766}.Release|Win32.ActiveCfg = Release|Win32
		{B5BB8B32-27AA-39C3-8D14-71B1819F6766}.Release|Win32.Build.0 = Release|Win32
		{B5BB8B32-27AA-39C3-8D14-71B1819F6766}.MinSizeRel|Win32.ActiveCfg = MinSizeRel|Win32
		{B5BB8B32-27AA-39C3-8D14-71B1819F6766}.MinSizeRel|Win32.Build.0 = MinSizeRel|Win32
		{B5BB8B32-27AA-39C3-8D14-71B1819F6766}.RelWithDebInfo|Win32.ActiveCfg = RelWithDebInfo|Win32
		{B5BB8B32-27AA-39C3-8D14-71B1819F6766}.RelWithDebInfo|Win32.Build.0 = RelWithDebInfo|Win32
		{B2D3EBA1-C169-3C8C-A8C3-F1DFB67D1ABC}.Debug|Win32.ActiveCfg = Debug|Win32
		{B2D3EBA1-C169-3C8C-A8C3-F1DFB67D1ABC}.Debug|Win32.Build.0 = Debug|Win32
		{B2D3EBA1-C169-3C8C-A8C3-F1DFB67D1ABC}.Release|Win32.ActiveCfg = Release|Win32
		{B2D3EBA1-C169-3C8C-A8C3-F1DFB67D1ABC}.Release|Win32.Build.0 = Release|Win32
		{B2D3EBA1-C169-3C8C-A8C3-F1DFB67D1ABC}.MinSizeRel|Win32.ActiveCfg = MinSizeRel|Win32
		{B2D3EBA1-C169-3C8C-A8C3-F1DFB67D1ABC}.MinSizeRel|Win32.Build.0 = MinSizeRel|Win32
		{B2D3EBA1-C169-3C8C-A8C3-F1DFB67D1ABC}.RelWithDebInfo|Win32.ActiveCfg = RelWithDebInfo|Win32
		{B2D3EBA1-C169-3C8C-A8C3-F1DFB67D1ABC}.RelWithDebInfo|Win32.Build.0 = RelWithDebInfo|Win32
		{08AEC4CF-8520-3839-9823-151C4D90F833}.Debug|Win32.ActiveCfg = Debug|Win32
		{08AEC4CF-8520-3839-9823-151C4D90F833}.Debug|Win32.Build.0 = Debug|Win32
		{08AEC4CF-8520-3839-9823-151C4D90F833}.Release|Win32.ActiveCfg = Release|Win32
		{08AEC4CF-8520-3839-9823-151C4D90F833}.Release|Win32.Build.0 = Release|Win32
		{08AEC4CF-8520-3839-9823-151C4D90F833}.MinSizeRel|Win32.ActiveCfg = MinSizeRel|Win32
		{08AEC4CF-8520-3839-9823-151C4D90F833}.MinSizeRel|Win32.Build.0 = MinSizeRel|Win32
		{08AEC4CF-8520-3839-9823-151C4D90F833}.RelWithDebInfo|Win32.ActiveCfg = RelWithDebInfo|Win32
		{08AEC4CF-8520-3839-9823-151C4D90F833}.RelWithDebInfo|Win32.Build.0 = RelWithDebInfo|Win32
		{0F754C2A-E026-3BF2-A196-94FCA225AD70}.Debug|Win32.ActiveCfg = Debug|Win32
		{0F754C2A-E026-3BF2-A196-94FCA225AD70}.Debug|Win32.Build.0 = Debug|Win32
		{0F754C2A-E026-3BF2-A196-94FCA225AD70}.Release|Win32.ActiveCfg = Release|Win32
		{0F754C2A-E026-3BF2-A196-94FCA225AD70}.Release|Win32.Build.0 = Release|Win32
		{0F754C2A-E026-3BF2-A196-94FCA225AD70}.MinSizeRel|Win32.ActiveCfg = MinSizeRel|Win32
		{0F754C2A-E026-3BF2-A196-94FCA225AD70}.MinSizeRel|Win32.Build.0 = MinSizeRel|Win32
		{0F754C2A-E026-3BF2-A196-94FCA225AD70}.RelWithDebInfo|Win32.ActiveCfg = RelWithDebInfo|Win32
		{0F754C2A-E026-3BF2-A196-94FCA225AD70}.RelWithDebInfo|Win32.Build.0 = RelWithDebInfo|Win32
	EndGlobalSection
	GlobalSection(NestedProjects) = preSolution
		{32C903B1-ECF1-3F7D-8298-BB82888CA150} = {FCCCFDF1-7AC1-384E-A6B0-2D68B765DE36}
		{922C2CE9-699C-32C3-B07A-085C374AAEC6} = {FCCCFDF1-7AC1-384E-A6B0-2D68B765DE36}
		{D7F78400-F6C8-32C4-8531-92E370062C32} = {FCCCFDF1-7AC1-384E-A6B0-2D68B765DE36}
		{9080BC45-C398-3B0A-B87D-40FEDF89E62F} = {FCCCFDF1-7AC1-384E-A6B0-2D68B765DE36}
		{590CEC96-142D-3FF2-B67F-43FC5D144D9A} = {FCCCFDF1-7AC1-384E-A6B0-2D68B765DE36}
		{B203A592-DE12-3B27-A417-7EF179D738D8} = {FCCCFDF1-7AC1-384E-A6B0-2D68B765DE36}
		{4B705ABC-3C22-36D2-9E68-D9CB8BE110D9} = {FCCCFDF1-7AC1-384E-A6B0-2D68B765DE36}
		{74040708-0D56-3BA1-B0F5-D4874ABA7AA9} = {FCCCFDF1-7AC1-384E-A6B0-2D68B765DE36}
		{1D6C1E15-796E-3A4F-9A56-06F7CA4DC296} = {FCCCFDF1-7AC1-384E-A6B0-2D68B765DE36}
		{6F2F36F8-36F7-3D51-99B7-F93E83E5AE8A} = {FCCCFDF1-7AC1-384E-A6B0-2D68B765DE36}
		{97A50E10-60EC-3102-9F67-2870381A109C} = {FCCCFDF1-7AC1-384E-A6B0-2D68B765DE36}
		{8DFAC6B5-63CF-35E7-89F6-CF710375D5AC} = {2B4B628E-1E41-34E9-B194-ED7DFBE47FBA}
		{D9CC6F55-99A1-31FF-83A0-E10335FAD835} = {2B4B628E-1E41-34E9-B194-ED7DFBE47FBA}
		{14EEAA4B-B71A-3483-B243-FA07BA8DB49A} = {2B4B628E-1E41-34E9-B194-ED7DFBE47FBA}
		{EA0BDE79-FBB3-31E8-9981-02938E798DB5} = {479802B6-336E-3CE0-AA31-EA16138D8146}
		{12AF9EC7-A6AD-3DA8-AAE1-D1D9C9AAA6DE} = {F2DB40FF-33AA-3D3D-BC45-05855D726E2F}
		{32EE28DA-CBCE-3CEE-B0E4-D4304754F72D} = {F2DB40FF-33AA-3D3D-BC45-05855D726E2F}
		{740CE8A0-B307-3B94-A274-359006B49F2F} = {F2DB40FF-33AA-3D3D-BC45-05855D726E2F}
		{B1652914-0261-3CF3-850F-810849D6790A} = {F2DB40FF-33AA-3D3D-BC45-05855D726E2F}
		{B5BB8B32-27AA-39C3-8D14-71B1819F6766} = {F2DB40FF-33AA-3D3D-BC45-05855D726E2F}
		{B2D3EBA1-C169-3C8C-A8C3-F1DFB67D1ABC} = {F2DB40FF-33AA-3D3D-BC45-05855D726E2F}
		{08AEC4CF-8520-3839-9823-151C4D90F833} = {F2DB40FF-33AA-3D3D-BC45-05855D726E2F}
		{0F754C2A-E026-3BF2-A196-94FCA225AD70} = {F2DB40FF-33AA-3D3D-BC45-05855D726E2F}
	EndGlobalSection
	GlobalSection(ExtensibilityGlobals) = postSolution
		SolutionGuid = {92C0CABE-A181-3BD4-8EAD-79493B550AB9}
	EndGlobalSection
	GlobalSection(ExtensibilityAddIns) = postSolution
	EndGlobalSection
EndGlobal
