<?xml version="1.0" encoding="utf-8"?>
<Project ToolsVersion="15.0" xmlns="http://schemas.microsoft.com/developer/msbuild/2003">
  <ItemGroup>
    <CustomBuild Include="E:\workspace\reconstruction\Easy3D-main\build\CMakeFiles\dac6c2215a2aae4d34e904dd0ad2f24c\INSTALL_force.rule">
      <Filter>CMake Rules</Filter>
    </CustomBuild>
  </ItemGroup>
  <ItemGroup>
    <Filter Include="CMake Rules">
      <UniqueIdentifier>{52CAD2E9-941A-3823-95F1-5D0AA14CD670}</UniqueIdentifier>
    </Filter>
  </ItemGroup>
</Project>
