
Microsoft Visual Studio Solution File, Format Version 12.00
# Visual Studio 15
Project("{2150E333-8FDC-42A3-9474-1A3956D46DE8}") = "3rd_party", "3rd_party", "{FCCCFDF1-7AC1-384E-A6B0-2D68B765DE36}"
EndProject
Project("{2150E333-8FDC-42A3-9474-1A3956D46DE8}") = "CMakePredefinedTargets", "CMakePredefinedTargets", "{2B4B628E-1E41-34E9-B194-ED7DFBE47FBA}"
EndProject
Project("{2150E333-8FDC-42A3-9474-1A3956D46DE8}") = "easy3d", "easy3d", "{F2DB40FF-33AA-3D3D-BC45-05855D726E2F}"
EndProject
Project("{2150E333-8FDC-42A3-9474-1A3956D46DE8}") = "tutorials", "tutorials", "{B8C8B34F-FD62-3C3C-B1D5-263ED913FCBD}"
EndProject
Project("{8BC9CEB8-8B4A-11D0-8D11-00A0C91BC942}") = "ALL_BUILD", "ALL_BUILD.vcxproj", "{8DFAC6B5-63CF-35E7-89F6-CF710375D5AC}"
	ProjectSection(ProjectDependencies) = postProject
		{3DEE2A02-8EA9-353F-9F4B-5A4D659B9A36} = {3DEE2A02-8EA9-353F-9F4B-5A4D659B9A36}
		{14EEAA4B-B71A-3483-B243-FA07BA8DB49A} = {14EEAA4B-B71A-3483-B243-FA07BA8DB49A}
	EndProjectSection
EndProject
Project("{8BC9CEB8-8B4A-11D0-8D11-00A0C91BC942}") = "3rd_backward", "..\..\3rd_party\backward\3rd_backward.vcxproj", "{32C903B1-ECF1-3F7D-8298-BB82888CA150}"
	ProjectSection(ProjectDependencies) = postProject
		{14EEAA4B-B71A-3483-B243-FA07BA8DB49A} = {14EEAA4B-B71A-3483-B243-FA07BA8DB49A}
	EndProjectSection
EndProject
Project("{8BC9CEB8-8B4A-11D0-8D11-00A0C91BC942}") = "3rd_easyloggingpp", "..\..\3rd_party\easyloggingpp\3rd_easyloggingpp.vcxproj", "{922C2CE9-699C-32C3-B07A-085C374AAEC6}"
	ProjectSection(ProjectDependencies) = postProject
		{14EEAA4B-B71A-3483-B243-FA07BA8DB49A} = {14EEAA4B-B71A-3483-B243-FA07BA8DB49A}
	EndProjectSection
EndProject
Project("{8BC9CEB8-8B4A-11D0-8D11-00A0C91BC942}") = "3rd_lastools", "..\..\3rd_party\lastools\3rd_lastools.vcxproj", "{B203A592-DE12-3B27-A417-7EF179D738D8}"
	ProjectSection(ProjectDependencies) = postProject
		{14EEAA4B-B71A-3483-B243-FA07BA8DB49A} = {14EEAA4B-B71A-3483-B243-FA07BA8DB49A}
	EndProjectSection
EndProject
Project("{8BC9CEB8-8B4A-11D0-8D11-00A0C91BC942}") = "3rd_rply", "..\..\3rd_party\rply\3rd_rply.vcxproj", "{1D6C1E15-796E-3A4F-9A56-06F7CA4DC296}"
	ProjectSection(ProjectDependencies) = postProject
		{14EEAA4B-B71A-3483-B243-FA07BA8DB49A} = {14EEAA4B-B71A-3483-B243-FA07BA8DB49A}
	EndProjectSection
EndProject
Project("{8BC9CEB8-8B4A-11D0-8D11-00A0C91BC942}") = "INSTALL", "INSTALL.vcxproj", "{D9CC6F55-99A1-31FF-83A0-E10335FAD835}"
	ProjectSection(ProjectDependencies) = postProject
		{8DFAC6B5-63CF-35E7-89F6-CF710375D5AC} = {8DFAC6B5-63CF-35E7-89F6-CF710375D5AC}
		{14EEAA4B-B71A-3483-B243-FA07BA8DB49A} = {14EEAA4B-B71A-3483-B243-FA07BA8DB49A}
	EndProjectSection
EndProject
Project("{8BC9CEB8-8B4A-11D0-8D11-00A0C91BC942}") = "Tutorial_115_PolyMesh_IO", "Tutorial_115_PolyMesh_IO.vcxproj", "{3DEE2A02-8EA9-353F-9F4B-5A4D659B9A36}"
	ProjectSection(ProjectDependencies) = postProject
		{32C903B1-ECF1-3F7D-8298-BB82888CA150} = {32C903B1-ECF1-3F7D-8298-BB82888CA150}
		{922C2CE9-699C-32C3-B07A-085C374AAEC6} = {922C2CE9-699C-32C3-B07A-085C374AAEC6}
		{B203A592-DE12-3B27-A417-7EF179D738D8} = {B203A592-DE12-3B27-A417-7EF179D738D8}
		{1D6C1E15-796E-3A4F-9A56-06F7CA4DC296} = {1D6C1E15-796E-3A4F-9A56-06F7CA4DC296}
		{14EEAA4B-B71A-3483-B243-FA07BA8DB49A} = {14EEAA4B-B71A-3483-B243-FA07BA8DB49A}
		{740CE8A0-B307-3B94-A274-359006B49F2F} = {740CE8A0-B307-3B94-A274-359006B49F2F}
		{B1652914-0261-3CF3-850F-810849D6790A} = {B1652914-0261-3CF3-850F-810849D6790A}
		{0F754C2A-E026-3BF2-A196-94FCA225AD70} = {0F754C2A-E026-3BF2-A196-94FCA225AD70}
	EndProjectSection
EndProject
Project("{8BC9CEB8-8B4A-11D0-8D11-00A0C91BC942}") = "ZERO_CHECK", "..\..\\ZERO_CHECK.vcxproj", "{14EEAA4B-B71A-3483-B243-FA07BA8DB49A}"
	ProjectSection(ProjectDependencies) = postProject
	EndProjectSection
EndProject
Project("{8BC9CEB8-8B4A-11D0-8D11-00A0C91BC942}") = "easy3d_core", "..\..\easy3d\core\easy3d_core.vcxproj", "{740CE8A0-B307-3B94-A274-359006B49F2F}"
	ProjectSection(ProjectDependencies) = postProject
		{32C903B1-ECF1-3F7D-8298-BB82888CA150} = {32C903B1-ECF1-3F7D-8298-BB82888CA150}
		{922C2CE9-699C-32C3-B07A-085C374AAEC6} = {922C2CE9-699C-32C3-B07A-085C374AAEC6}
		{14EEAA4B-B71A-3483-B243-FA07BA8DB49A} = {14EEAA4B-B71A-3483-B243-FA07BA8DB49A}
		{0F754C2A-E026-3BF2-A196-94FCA225AD70} = {0F754C2A-E026-3BF2-A196-94FCA225AD70}
	EndProjectSection
EndProject
Project("{8BC9CEB8-8B4A-11D0-8D11-00A0C91BC942}") = "easy3d_fileio", "..\..\easy3d\fileio\easy3d_fileio.vcxproj", "{B1652914-0261-3CF3-850F-810849D6790A}"
	ProjectSection(ProjectDependencies) = postProject
		{32C903B1-ECF1-3F7D-8298-BB82888CA150} = {32C903B1-ECF1-3F7D-8298-BB82888CA150}
		{922C2CE9-699C-32C3-B07A-085C374AAEC6} = {922C2CE9-699C-32C3-B07A-085C374AAEC6}
		{B203A592-DE12-3B27-A417-7EF179D738D8} = {B203A592-DE12-3B27-A417-7EF179D738D8}
		{1D6C1E15-796E-3A4F-9A56-06F7CA4DC296} = {1D6C1E15-796E-3A4F-9A56-06F7CA4DC296}
		{14EEAA4B-B71A-3483-B243-FA07BA8DB49A} = {14EEAA4B-B71A-3483-B243-FA07BA8DB49A}
		{740CE8A0-B307-3B94-A274-359006B49F2F} = {740CE8A0-B307-3B94-A274-359006B49F2F}
		{0F754C2A-E026-3BF2-A196-94FCA225AD70} = {0F754C2A-E026-3BF2-A196-94FCA225AD70}
	EndProjectSection
EndProject
Project("{8BC9CEB8-8B4A-11D0-8D11-00A0C91BC942}") = "easy3d_util", "..\..\easy3d\util\easy3d_util.vcxproj", "{0F754C2A-E026-3BF2-A196-94FCA225AD70}"
	ProjectSection(ProjectDependencies) = postProject
		{32C903B1-ECF1-3F7D-8298-BB82888CA150} = {32C903B1-ECF1-3F7D-8298-BB82888CA150}
		{922C2CE9-699C-32C3-B07A-085C374AAEC6} = {922C2CE9-699C-32C3-B07A-085C374AAEC6}
		{14EEAA4B-B71A-3483-B243-FA07BA8DB49A} = {14EEAA4B-B71A-3483-B243-FA07BA8DB49A}
	EndProjectSection
EndProject
Global
	GlobalSection(SolutionConfigurationPlatforms) = preSolution
		Debug|Win32 = Debug|Win32
		Release|Win32 = Release|Win32
		MinSizeRel|Win32 = MinSizeRel|Win32
		RelWithDebInfo|Win32 = RelWithDebInfo|Win32
	EndGlobalSection
	GlobalSection(ProjectConfigurationPlatforms) = postSolution
		{8DFAC6B5-63CF-35E7-89F6-CF710375D5AC}.Debug|Win32.ActiveCfg = Debug|Win32
		{8DFAC6B5-63CF-35E7-89F6-CF710375D5AC}.Debug|Win32.Build.0 = Debug|Win32
		{8DFAC6B5-63CF-35E7-89F6-CF710375D5AC}.Release|Win32.ActiveCfg = Release|Win32
		{8DFAC6B5-63CF-35E7-89F6-CF710375D5AC}.Release|Win32.Build.0 = Release|Win32
		{8DFAC6B5-63CF-35E7-89F6-CF710375D5AC}.MinSizeRel|Win32.ActiveCfg = MinSizeRel|Win32
		{8DFAC6B5-63CF-35E7-89F6-CF710375D5AC}.MinSizeRel|Win32.Build.0 = MinSizeRel|Win32
		{8DFAC6B5-63CF-35E7-89F6-CF710375D5AC}.RelWithDebInfo|Win32.ActiveCfg = RelWithDebInfo|Win32
		{8DFAC6B5-63CF-35E7-89F6-CF710375D5AC}.RelWithDebInfo|Win32.Build.0 = RelWithDebInfo|Win32
		{32C903B1-ECF1-3F7D-8298-BB82888CA150}.Debug|Win32.ActiveCfg = Debug|Win32
		{32C903B1-ECF1-3F7D-8298-BB82888CA150}.Debug|Win32.Build.0 = Debug|Win32
		{32C903B1-ECF1-3F7D-8298-BB82888CA150}.Release|Win32.ActiveCfg = Release|Win32
		{32C903B1-ECF1-3F7D-8298-BB82888CA150}.Release|Win32.Build.0 = Release|Win32
		{32C903B1-ECF1-3F7D-8298-BB82888CA150}.MinSizeRel|Win32.ActiveCfg = MinSizeRel|Win32
		{32C903B1-ECF1-3F7D-8298-BB82888CA150}.MinSizeRel|Win32.Build.0 = MinSizeRel|Win32
		{32C903B1-ECF1-3F7D-8298-BB82888CA150}.RelWithDebInfo|Win32.ActiveCfg = RelWithDebInfo|Win32
		{32C903B1-ECF1-3F7D-8298-BB82888CA150}.RelWithDebInfo|Win32.Build.0 = RelWithDebInfo|Win32
		{922C2CE9-699C-32C3-B07A-085C374AAEC6}.Debug|Win32.ActiveCfg = Debug|Win32
		{922C2CE9-699C-32C3-B07A-085C374AAEC6}.Debug|Win32.Build.0 = Debug|Win32
		{922C2CE9-699C-32C3-B07A-085C374AAEC6}.Release|Win32.ActiveCfg = Release|Win32
		{922C2CE9-699C-32C3-B07A-085C374AAEC6}.Release|Win32.Build.0 = Release|Win32
		{922C2CE9-699C-32C3-B07A-085C374AAEC6}.MinSizeRel|Win32.ActiveCfg = MinSizeRel|Win32
		{922C2CE9-699C-32C3-B07A-085C374AAEC6}.MinSizeRel|Win32.Build.0 = MinSizeRel|Win32
		{922C2CE9-699C-32C3-B07A-085C374AAEC6}.RelWithDebInfo|Win32.ActiveCfg = RelWithDebInfo|Win32
		{922C2CE9-699C-32C3-B07A-085C374AAEC6}.RelWithDebInfo|Win32.Build.0 = RelWithDebInfo|Win32
		{B203A592-DE12-3B27-A417-7EF179D738D8}.Debug|Win32.ActiveCfg = Debug|Win32
		{B203A592-DE12-3B27-A417-7EF179D738D8}.Debug|Win32.Build.0 = Debug|Win32
		{B203A592-DE12-3B27-A417-7EF179D738D8}.Release|Win32.ActiveCfg = Release|Win32
		{B203A592-DE12-3B27-A417-7EF179D738D8}.Release|Win32.Build.0 = Release|Win32
		{B203A592-DE12-3B27-A417-7EF179D738D8}.MinSizeRel|Win32.ActiveCfg = MinSizeRel|Win32
		{B203A592-DE12-3B27-A417-7EF179D738D8}.MinSizeRel|Win32.Build.0 = MinSizeRel|Win32
		{B203A592-DE12-3B27-A417-7EF179D738D8}.RelWithDebInfo|Win32.ActiveCfg = RelWithDebInfo|Win32
		{B203A592-DE12-3B27-A417-7EF179D738D8}.RelWithDebInfo|Win32.Build.0 = RelWithDebInfo|Win32
		{1D6C1E15-796E-3A4F-9A56-06F7CA4DC296}.Debug|Win32.ActiveCfg = Debug|Win32
		{1D6C1E15-796E-3A4F-9A56-06F7CA4DC296}.Debug|Win32.Build.0 = Debug|Win32
		{1D6C1E15-796E-3A4F-9A56-06F7CA4DC296}.Release|Win32.ActiveCfg = Release|Win32
		{1D6C1E15-796E-3A4F-9A56-06F7CA4DC296}.Release|Win32.Build.0 = Release|Win32
		{1D6C1E15-796E-3A4F-9A56-06F7CA4DC296}.MinSizeRel|Win32.ActiveCfg = MinSizeRel|Win32
		{1D6C1E15-796E-3A4F-9A56-06F7CA4DC296}.MinSizeRel|Win32.Build.0 = MinSizeRel|Win32
		{1D6C1E15-796E-3A4F-9A56-06F7CA4DC296}.RelWithDebInfo|Win32.ActiveCfg = RelWithDebInfo|Win32
		{1D6C1E15-796E-3A4F-9A56-06F7CA4DC296}.RelWithDebInfo|Win32.Build.0 = RelWithDebInfo|Win32
		{D9CC6F55-99A1-31FF-83A0-E10335FAD835}.Debug|Win32.ActiveCfg = Debug|Win32
		{D9CC6F55-99A1-31FF-83A0-E10335FAD835}.Release|Win32.ActiveCfg = Release|Win32
		{D9CC6F55-99A1-31FF-83A0-E10335FAD835}.MinSizeRel|Win32.ActiveCfg = MinSizeRel|Win32
		{D9CC6F55-99A1-31FF-83A0-E10335FAD835}.RelWithDebInfo|Win32.ActiveCfg = RelWithDebInfo|Win32
		{3DEE2A02-8EA9-353F-9F4B-5A4D659B9A36}.Debug|Win32.ActiveCfg = Debug|Win32
		{3DEE2A02-8EA9-353F-9F4B-5A4D659B9A36}.Debug|Win32.Build.0 = Debug|Win32
		{3DEE2A02-8EA9-353F-9F4B-5A4D659B9A36}.Release|Win32.ActiveCfg = Release|Win32
		{3DEE2A02-8EA9-353F-9F4B-5A4D659B9A36}.Release|Win32.Build.0 = Release|Win32
		{3DEE2A02-8EA9-353F-9F4B-5A4D659B9A36}.MinSizeRel|Win32.ActiveCfg = MinSizeRel|Win32
		{3DEE2A02-8EA9-353F-9F4B-5A4D659B9A36}.MinSizeRel|Win32.Build.0 = MinSizeRel|Win32
		{3DEE2A02-8EA9-353F-9F4B-5A4D659B9A36}.RelWithDebInfo|Win32.ActiveCfg = RelWithDebInfo|Win32
		{3DEE2A02-8EA9-353F-9F4B-5A4D659B9A36}.RelWithDebInfo|Win32.Build.0 = RelWithDebInfo|Win32
		{14EEAA4B-B71A-3483-B243-FA07BA8DB49A}.Debug|Win32.ActiveCfg = Debug|Win32
		{14EEAA4B-B71A-3483-B243-FA07BA8DB49A}.Debug|Win32.Build.0 = Debug|Win32
		{14EEAA4B-B71A-3483-B243-FA07BA8DB49A}.Release|Win32.ActiveCfg = Release|Win32
		{14EEAA4B-B71A-3483-B243-FA07BA8DB49A}.Release|Win32.Build.0 = Release|Win32
		{14EEAA4B-B71A-3483-B243-FA07BA8DB49A}.MinSizeRel|Win32.ActiveCfg = MinSizeRel|Win32
		{14EEAA4B-B71A-3483-B243-FA07BA8DB49A}.MinSizeRel|Win32.Build.0 = MinSizeRel|Win32
		{14EEAA4B-B71A-3483-B243-FA07BA8DB49A}.RelWithDebInfo|Win32.ActiveCfg = RelWithDebInfo|Win32
		{14EEAA4B-B71A-3483-B243-FA07BA8DB49A}.RelWithDebInfo|Win32.Build.0 = RelWithDebInfo|Win32
		{740CE8A0-B307-3B94-A274-359006B49F2F}.Debug|Win32.ActiveCfg = Debug|Win32
		{740CE8A0-B307-3B94-A274-359006B49F2F}.Debug|Win32.Build.0 = Debug|Win32
		{740CE8A0-B307-3B94-A274-359006B49F2F}.Release|Win32.ActiveCfg = Release|Win32
		{740CE8A0-B307-3B94-A274-359006B49F2F}.Release|Win32.Build.0 = Release|Win32
		{740CE8A0-B307-3B94-A274-359006B49F2F}.MinSizeRel|Win32.ActiveCfg = MinSizeRel|Win32
		{740CE8A0-B307-3B94-A274-359006B49F2F}.MinSizeRel|Win32.Build.0 = MinSizeRel|Win32
		{740CE8A0-B307-3B94-A274-359006B49F2F}.RelWithDebInfo|Win32.ActiveCfg = RelWithDebInfo|Win32
		{740CE8A0-B307-3B94-A274-359006B49F2F}.RelWithDebInfo|Win32.Build.0 = RelWithDebInfo|Win32
		{B1652914-0261-3CF3-850F-810849D6790A}.Debug|Win32.ActiveCfg = Debug|Win32
		{B1652914-0261-3CF3-850F-810849D6790A}.Debug|Win32.Build.0 = Debug|Win32
		{B1652914-0261-3CF3-850F-810849D6790A}.Release|Win32.ActiveCfg = Release|Win32
		{B1652914-0261-3CF3-850F-810849D6790A}.Release|Win32.Build.0 = Release|Win32
		{B1652914-0261-3CF3-850F-810849D6790A}.MinSizeRel|Win32.ActiveCfg = MinSizeRel|Win32
		{B1652914-0261-3CF3-850F-810849D6790A}.MinSizeRel|Win32.Build.0 = MinSizeRel|Win32
		{B1652914-0261-3CF3-850F-810849D6790A}.RelWithDebInfo|Win32.ActiveCfg = RelWithDebInfo|Win32
		{B1652914-0261-3CF3-850F-810849D6790A}.RelWithDebInfo|Win32.Build.0 = RelWithDebInfo|Win32
		{0F754C2A-E026-3BF2-A196-94FCA225AD70}.Debug|Win32.ActiveCfg = Debug|Win32
		{0F754C2A-E026-3BF2-A196-94FCA225AD70}.Debug|Win32.Build.0 = Debug|Win32
		{0F754C2A-E026-3BF2-A196-94FCA225AD70}.Release|Win32.ActiveCfg = Release|Win32
		{0F754C2A-E026-3BF2-A196-94FCA225AD70}.Release|Win32.Build.0 = Release|Win32
		{0F754C2A-E026-3BF2-A196-94FCA225AD70}.MinSizeRel|Win32.ActiveCfg = MinSizeRel|Win32
		{0F754C2A-E026-3BF2-A196-94FCA225AD70}.MinSizeRel|Win32.Build.0 = MinSizeRel|Win32
		{0F754C2A-E026-3BF2-A196-94FCA225AD70}.RelWithDebInfo|Win32.ActiveCfg = RelWithDebInfo|Win32
		{0F754C2A-E026-3BF2-A196-94FCA225AD70}.RelWithDebInfo|Win32.Build.0 = RelWithDebInfo|Win32
	EndGlobalSection
	GlobalSection(NestedProjects) = preSolution
		{32C903B1-ECF1-3F7D-8298-BB82888CA150} = {FCCCFDF1-7AC1-384E-A6B0-2D68B765DE36}
		{922C2CE9-699C-32C3-B07A-085C374AAEC6} = {FCCCFDF1-7AC1-384E-A6B0-2D68B765DE36}
		{B203A592-DE12-3B27-A417-7EF179D738D8} = {FCCCFDF1-7AC1-384E-A6B0-2D68B765DE36}
		{1D6C1E15-796E-3A4F-9A56-06F7CA4DC296} = {FCCCFDF1-7AC1-384E-A6B0-2D68B765DE36}
		{8DFAC6B5-63CF-35E7-89F6-CF710375D5AC} = {2B4B628E-1E41-34E9-B194-ED7DFBE47FBA}
		{D9CC6F55-99A1-31FF-83A0-E10335FAD835} = {2B4B628E-1E41-34E9-B194-ED7DFBE47FBA}
		{14EEAA4B-B71A-3483-B243-FA07BA8DB49A} = {2B4B628E-1E41-34E9-B194-ED7DFBE47FBA}
		{740CE8A0-B307-3B94-A274-359006B49F2F} = {F2DB40FF-33AA-3D3D-BC45-05855D726E2F}
		{B1652914-0261-3CF3-850F-810849D6790A} = {F2DB40FF-33AA-3D3D-BC45-05855D726E2F}
		{0F754C2A-E026-3BF2-A196-94FCA225AD70} = {F2DB40FF-33AA-3D3D-BC45-05855D726E2F}
		{3DEE2A02-8EA9-353F-9F4B-5A4D659B9A36} = {B8C8B34F-FD62-3C3C-B1D5-263ED913FCBD}
	EndGlobalSection
	GlobalSection(ExtensibilityGlobals) = postSolution
		SolutionGuid = {D20E4610-1FBE-3730-9DE5-6C3D436D0BBD}
	EndGlobalSection
	GlobalSection(ExtensibilityAddIns) = postSolution
	EndGlobalSection
EndGlobal
