<?xml version="1.0" encoding="utf-8"?>
<Project ToolsVersion="15.0" xmlns="http://schemas.microsoft.com/developer/msbuild/2003">
  <ItemGroup>
    <ClCompile Include="E:\workspace\reconstruction\Easy3D-main\easy3d\algo\delaunay.cpp">
      <Filter>Source Files</Filter>
    </ClCompile>
    <ClCompile Include="E:\workspace\reconstruction\Easy3D-main\easy3d\algo\delaunay_2d.cpp">
      <Filter>Source Files</Filter>
    </ClCompile>
    <ClCompile Include="E:\workspace\reconstruction\Easy3D-main\easy3d\algo\delaunay_3d.cpp">
      <Filter>Source Files</Filter>
    </ClCompile>
    <ClCompile Include="E:\workspace\reconstruction\Easy3D-main\easy3d\algo\extrusion.cpp">
      <Filter>Source Files</Filter>
    </ClCompile>
    <ClCompile Include="E:\workspace\reconstruction\Easy3D-main\easy3d\algo\surface_mesh_geometry.cpp">
      <Filter>Source Files</Filter>
    </ClCompile>
    <ClCompile Include="E:\workspace\reconstruction\Easy3D-main\easy3d\algo\gaussian_noise.cpp">
      <Filter>Source Files</Filter>
    </ClCompile>
    <ClCompile Include="E:\workspace\reconstruction\Easy3D-main\easy3d\algo\point_cloud_normals.cpp">
      <Filter>Source Files</Filter>
    </ClCompile>
    <ClCompile Include="E:\workspace\reconstruction\Easy3D-main\easy3d\algo\point_cloud_poisson_reconstruction.cpp">
      <Filter>Source Files</Filter>
    </ClCompile>
    <ClCompile Include="E:\workspace\reconstruction\Easy3D-main\easy3d\algo\point_cloud_ransac.cpp">
      <Filter>Source Files</Filter>
    </ClCompile>
    <ClCompile Include="E:\workspace\reconstruction\Easy3D-main\easy3d\algo\point_cloud_simplification.cpp">
      <Filter>Source Files</Filter>
    </ClCompile>
    <ClCompile Include="E:\workspace\reconstruction\Easy3D-main\easy3d\algo\surface_mesh_components.cpp">
      <Filter>Source Files</Filter>
    </ClCompile>
    <ClCompile Include="E:\workspace\reconstruction\Easy3D-main\easy3d\algo\surface_mesh_curvature.cpp">
      <Filter>Source Files</Filter>
    </ClCompile>
    <ClCompile Include="E:\workspace\reconstruction\Easy3D-main\easy3d\algo\surface_mesh_enumerator.cpp">
      <Filter>Source Files</Filter>
    </ClCompile>
    <ClCompile Include="E:\workspace\reconstruction\Easy3D-main\easy3d\algo\surface_mesh_fairing.cpp">
      <Filter>Source Files</Filter>
    </ClCompile>
    <ClCompile Include="E:\workspace\reconstruction\Easy3D-main\easy3d\algo\surface_mesh_features.cpp">
      <Filter>Source Files</Filter>
    </ClCompile>
    <ClCompile Include="E:\workspace\reconstruction\Easy3D-main\easy3d\algo\surface_mesh_geodesic.cpp">
      <Filter>Source Files</Filter>
    </ClCompile>
    <ClCompile Include="E:\workspace\reconstruction\Easy3D-main\easy3d\algo\surface_mesh_hole_filling.cpp">
      <Filter>Source Files</Filter>
    </ClCompile>
    <ClCompile Include="E:\workspace\reconstruction\Easy3D-main\easy3d\algo\surface_mesh_parameterization.cpp">
      <Filter>Source Files</Filter>
    </ClCompile>
    <ClCompile Include="E:\workspace\reconstruction\Easy3D-main\easy3d\algo\surface_mesh_polygonization.cpp">
      <Filter>Source Files</Filter>
    </ClCompile>
    <ClCompile Include="E:\workspace\reconstruction\Easy3D-main\easy3d\algo\surface_mesh_remeshing.cpp">
      <Filter>Source Files</Filter>
    </ClCompile>
    <ClCompile Include="E:\workspace\reconstruction\Easy3D-main\easy3d\algo\surface_mesh_sampler.cpp">
      <Filter>Source Files</Filter>
    </ClCompile>
    <ClCompile Include="E:\workspace\reconstruction\Easy3D-main\easy3d\algo\surface_mesh_simplification.cpp">
      <Filter>Source Files</Filter>
    </ClCompile>
    <ClCompile Include="E:\workspace\reconstruction\Easy3D-main\easy3d\algo\surface_mesh_smoothing.cpp">
      <Filter>Source Files</Filter>
    </ClCompile>
    <ClCompile Include="E:\workspace\reconstruction\Easy3D-main\easy3d\algo\surface_mesh_stitching.cpp">
      <Filter>Source Files</Filter>
    </ClCompile>
    <ClCompile Include="E:\workspace\reconstruction\Easy3D-main\easy3d\algo\surface_mesh_subdivision.cpp">
      <Filter>Source Files</Filter>
    </ClCompile>
    <ClCompile Include="E:\workspace\reconstruction\Easy3D-main\easy3d\algo\surface_mesh_tetrahedralization.cpp">
      <Filter>Source Files</Filter>
    </ClCompile>
    <ClCompile Include="E:\workspace\reconstruction\Easy3D-main\easy3d\algo\surface_mesh_topology.cpp">
      <Filter>Source Files</Filter>
    </ClCompile>
    <ClCompile Include="E:\workspace\reconstruction\Easy3D-main\easy3d\algo\surface_mesh_triangulation.cpp">
      <Filter>Source Files</Filter>
    </ClCompile>
    <ClCompile Include="E:\workspace\reconstruction\Easy3D-main\easy3d\algo\tessellator.cpp">
      <Filter>Source Files</Filter>
    </ClCompile>
    <ClCompile Include="E:\workspace\reconstruction\Easy3D-main\easy3d\algo\text_mesher.cpp">
      <Filter>Source Files</Filter>
    </ClCompile>
    <ClCompile Include="E:\workspace\reconstruction\Easy3D-main\easy3d\algo\triangle_mesh_kdtree.cpp">
      <Filter>Source Files</Filter>
    </ClCompile>
  </ItemGroup>
  <ItemGroup>
    <ClInclude Include="E:\workspace\reconstruction\Easy3D-main\easy3d\algo\delaunay.h">
      <Filter>Header Files</Filter>
    </ClInclude>
    <ClInclude Include="E:\workspace\reconstruction\Easy3D-main\easy3d\algo\delaunay_2d.h">
      <Filter>Header Files</Filter>
    </ClInclude>
    <ClInclude Include="E:\workspace\reconstruction\Easy3D-main\easy3d\algo\delaunay_3d.h">
      <Filter>Header Files</Filter>
    </ClInclude>
    <ClInclude Include="E:\workspace\reconstruction\Easy3D-main\easy3d\algo\extrusion.h">
      <Filter>Header Files</Filter>
    </ClInclude>
    <ClInclude Include="E:\workspace\reconstruction\Easy3D-main\easy3d\algo\surface_mesh_geometry.h">
      <Filter>Header Files</Filter>
    </ClInclude>
    <ClInclude Include="E:\workspace\reconstruction\Easy3D-main\easy3d\algo\gaussian_noise.h">
      <Filter>Header Files</Filter>
    </ClInclude>
    <ClInclude Include="E:\workspace\reconstruction\Easy3D-main\easy3d\algo\point_cloud_normals.h">
      <Filter>Header Files</Filter>
    </ClInclude>
    <ClInclude Include="E:\workspace\reconstruction\Easy3D-main\easy3d\algo\point_cloud_poisson_reconstruction.h">
      <Filter>Header Files</Filter>
    </ClInclude>
    <ClInclude Include="E:\workspace\reconstruction\Easy3D-main\easy3d\algo\point_cloud_ransac.h">
      <Filter>Header Files</Filter>
    </ClInclude>
    <ClInclude Include="E:\workspace\reconstruction\Easy3D-main\easy3d\algo\point_cloud_simplification.h">
      <Filter>Header Files</Filter>
    </ClInclude>
    <ClInclude Include="E:\workspace\reconstruction\Easy3D-main\easy3d\algo\surface_mesh_components.h">
      <Filter>Header Files</Filter>
    </ClInclude>
    <ClInclude Include="E:\workspace\reconstruction\Easy3D-main\easy3d\algo\surface_mesh_curvature.h">
      <Filter>Header Files</Filter>
    </ClInclude>
    <ClInclude Include="E:\workspace\reconstruction\Easy3D-main\easy3d\algo\surface_mesh_enumerator.h">
      <Filter>Header Files</Filter>
    </ClInclude>
    <ClInclude Include="E:\workspace\reconstruction\Easy3D-main\easy3d\algo\surface_mesh_fairing.h">
      <Filter>Header Files</Filter>
    </ClInclude>
    <ClInclude Include="E:\workspace\reconstruction\Easy3D-main\easy3d\algo\surface_mesh_features.h">
      <Filter>Header Files</Filter>
    </ClInclude>
    <ClInclude Include="E:\workspace\reconstruction\Easy3D-main\easy3d\algo\surface_mesh_geodesic.h">
      <Filter>Header Files</Filter>
    </ClInclude>
    <ClInclude Include="E:\workspace\reconstruction\Easy3D-main\easy3d\algo\surface_mesh_hole_filling.h">
      <Filter>Header Files</Filter>
    </ClInclude>
    <ClInclude Include="E:\workspace\reconstruction\Easy3D-main\easy3d\algo\surface_mesh_parameterization.h">
      <Filter>Header Files</Filter>
    </ClInclude>
    <ClInclude Include="E:\workspace\reconstruction\Easy3D-main\easy3d\algo\surface_mesh_polygonization.h">
      <Filter>Header Files</Filter>
    </ClInclude>
    <ClInclude Include="E:\workspace\reconstruction\Easy3D-main\easy3d\algo\surface_mesh_remeshing.h">
      <Filter>Header Files</Filter>
    </ClInclude>
    <ClInclude Include="E:\workspace\reconstruction\Easy3D-main\easy3d\algo\surface_mesh_sampler.h">
      <Filter>Header Files</Filter>
    </ClInclude>
    <ClInclude Include="E:\workspace\reconstruction\Easy3D-main\easy3d\algo\surface_mesh_simplification.h">
      <Filter>Header Files</Filter>
    </ClInclude>
    <ClInclude Include="E:\workspace\reconstruction\Easy3D-main\easy3d\algo\surface_mesh_smoothing.h">
      <Filter>Header Files</Filter>
    </ClInclude>
    <ClInclude Include="E:\workspace\reconstruction\Easy3D-main\easy3d\algo\surface_mesh_stitching.h">
      <Filter>Header Files</Filter>
    </ClInclude>
    <ClInclude Include="E:\workspace\reconstruction\Easy3D-main\easy3d\algo\surface_mesh_subdivision.h">
      <Filter>Header Files</Filter>
    </ClInclude>
    <ClInclude Include="E:\workspace\reconstruction\Easy3D-main\easy3d\algo\surface_mesh_tetrahedralization.h">
      <Filter>Header Files</Filter>
    </ClInclude>
    <ClInclude Include="E:\workspace\reconstruction\Easy3D-main\easy3d\algo\surface_mesh_topology.h">
      <Filter>Header Files</Filter>
    </ClInclude>
    <ClInclude Include="E:\workspace\reconstruction\Easy3D-main\easy3d\algo\surface_mesh_triangulation.h">
      <Filter>Header Files</Filter>
    </ClInclude>
    <ClInclude Include="E:\workspace\reconstruction\Easy3D-main\easy3d\algo\tessellator.h">
      <Filter>Header Files</Filter>
    </ClInclude>
    <ClInclude Include="E:\workspace\reconstruction\Easy3D-main\easy3d\algo\text_mesher.h">
      <Filter>Header Files</Filter>
    </ClInclude>
    <ClInclude Include="E:\workspace\reconstruction\Easy3D-main\easy3d\algo\triangle_mesh_kdtree.h">
      <Filter>Header Files</Filter>
    </ClInclude>
  </ItemGroup>
  <ItemGroup>
    <CustomBuild Include="E:\workspace\reconstruction\Easy3D-main\easy3d\algo\CMakeLists.txt" />
  </ItemGroup>
  <ItemGroup>
    <Filter Include="Header Files">
      <UniqueIdentifier>{3A600367-FE1B-315F-8EBC-353052051363}</UniqueIdentifier>
    </Filter>
    <Filter Include="Source Files">
      <UniqueIdentifier>{3E83A2FA-8FB0-3AB0-830A-E75B3DB82788}</UniqueIdentifier>
    </Filter>
  </ItemGroup>
</Project>
