
Microsoft Visual Studio Solution File, Format Version 12.00
# Visual Studio 15
Project("{2150E333-8FDC-42A3-9474-1A3956D46DE8}") = "3rd_party", "3rd_party", "{FCCCFDF1-7AC1-384E-A6B0-2D68B765DE36}"
EndProject
Project("{2150E333-8FDC-42A3-9474-1A3956D46DE8}") = "CMakePredefinedTargets", "CMakePredefinedTargets", "{2B4B628E-1E41-34E9-B194-ED7DFBE47FBA}"
EndProject
Project("{2150E333-8FDC-42A3-9474-1A3956D46DE8}") = "easy3d", "easy3d", "{F2DB40FF-33AA-3D3D-BC45-05855D726E2F}"
EndProject
Project("{2150E333-8FDC-42A3-9474-1A3956D46DE8}") = "tutorials", "tutorials", "{B8C8B34F-FD62-3C3C-B1D5-263ED913FCBD}"
EndProject
Project("{8BC9CEB8-8B4A-11D0-8D11-00A0C91BC942}") = "ALL_BUILD", "ALL_BUILD.vcxproj", "{8DFAC6B5-63CF-35E7-89F6-CF710375D5AC}"
	ProjectSection(ProjectDependencies) = postProject
		{55775BF0-D79A-3CDB-B479-50BEAD2D0521} = {55775BF0-D79A-3CDB-B479-50BEAD2D0521}
		{14EEAA4B-B71A-3483-B243-FA07BA8DB49A} = {14EEAA4B-B71A-3483-B243-FA07BA8DB49A}
	EndProjectSection
EndProject
Project("{8BC9CEB8-8B4A-11D0-8D11-00A0C91BC942}") = "3rd_backward", "..\..\3rd_party\backward\3rd_backward.vcxproj", "{32C903B1-ECF1-3F7D-8298-BB82888CA150}"
	ProjectSection(ProjectDependencies) = postProject
		{14EEAA4B-B71A-3483-B243-FA07BA8DB49A} = {14EEAA4B-B71A-3483-B243-FA07BA8DB49A}
	EndProjectSection
EndProject
Project("{8BC9CEB8-8B4A-11D0-8D11-00A0C91BC942}") = "3rd_easyloggingpp", "..\..\3rd_party\easyloggingpp\3rd_easyloggingpp.vcxproj", "{922C2CE9-699C-32C3-B07A-085C374AAEC6}"
	ProjectSection(ProjectDependencies) = postProject
		{14EEAA4B-B71A-3483-B243-FA07BA8DB49A} = {14EEAA4B-B71A-3483-B243-FA07BA8DB49A}
	EndProjectSection
EndProject
Project("{8BC9CEB8-8B4A-11D0-8D11-00A0C91BC942}") = "INSTALL", "INSTALL.vcxproj", "{D9CC6F55-99A1-31FF-83A0-E10335FAD835}"
	ProjectSection(ProjectDependencies) = postProject
		{8DFAC6B5-63CF-35E7-89F6-CF710375D5AC} = {8DFAC6B5-63CF-35E7-89F6-CF710375D5AC}
		{14EEAA4B-B71A-3483-B243-FA07BA8DB49A} = {14EEAA4B-B71A-3483-B243-FA07BA8DB49A}
	EndProjectSection
EndProject
Project("{8BC9CEB8-8B4A-11D0-8D11-00A0C91BC942}") = "Tutorial_102_PointCloud_Property", "Tutorial_102_PointCloud_Property.vcxproj", "{55775BF0-D79A-3CDB-B479-50BEAD2D0521}"
	ProjectSection(ProjectDependencies) = postProject
		{32C903B1-ECF1-3F7D-8298-BB82888CA150} = {32C903B1-ECF1-3F7D-8298-BB82888CA150}
		{922C2CE9-699C-32C3-B07A-085C374AAEC6} = {922C2CE9-699C-32C3-B07A-085C374AAEC6}
		{14EEAA4B-B71A-3483-B243-FA07BA8DB49A} = {14EEAA4B-B71A-3483-B243-FA07BA8DB49A}
		{740CE8A0-B307-3B94-A274-359006B49F2F} = {740CE8A0-B307-3B94-A274-359006B49F2F}
		{0F754C2A-E026-3BF2-A196-94FCA225AD70} = {0F754C2A-E026-3BF2-A196-94FCA225AD70}
	EndProjectSection
EndProject
Project("{8BC9CEB8-8B4A-11D0-8D11-00A0C91BC942}") = "ZERO_CHECK", "..\..\\ZERO_CHECK.vcxproj", "{14EEAA4B-B71A-3483-B243-FA07BA8DB49A}"
	ProjectSection(ProjectDependencies) = postProject
	EndProjectSection
EndProject
Project("{8BC9CEB8-8B4A-11D0-8D11-00A0C91BC942}") = "easy3d_core", "..\..\easy3d\core\easy3d_core.vcxproj", "{740CE8A0-B307-3B94-A274-359006B49F2F}"
	ProjectSection(ProjectDependencies) = postProject
		{32C903B1-ECF1-3F7D-8298-BB82888CA150} = {32C903B1-ECF1-3F7D-8298-BB82888CA150}
		{922C2CE9-699C-32C3-B07A-085C374AAEC6} = {922C2CE9-699C-32C3-B07A-085C374AAEC6}
		{14EEAA4B-B71A-3483-B243-FA07BA8DB49A} = {14EEAA4B-B71A-3483-B243-FA07BA8DB49A}
		{0F754C2A-E026-3BF2-A196-94FCA225AD70} = {0F754C2A-E026-3BF2-A196-94FCA225AD70}
	EndProjectSection
EndProject
Project("{8BC9CEB8-8B4A-11D0-8D11-00A0C91BC942}") = "easy3d_util", "..\..\easy3d\util\easy3d_util.vcxproj", "{0F754C2A-E026-3BF2-A196-94FCA225AD70}"
	ProjectSection(ProjectDependencies) = postProject
		{32C903B1-ECF1-3F7D-8298-BB82888CA150} = {32C903B1-ECF1-3F7D-8298-BB82888CA150}
		{922C2CE9-699C-32C3-B07A-085C374AAEC6} = {922C2CE9-699C-32C3-B07A-085C374AAEC6}
		{14EEAA4B-B71A-3483-B243-FA07BA8DB49A} = {14EEAA4B-B71A-3483-B243-FA07BA8DB49A}
	EndProjectSection
EndProject
Global
	GlobalSection(SolutionConfigurationPlatforms) = preSolution
		Debug|Win32 = Debug|Win32
		Release|Win32 = Release|Win32
		MinSizeRel|Win32 = MinSizeRel|Win32
		RelWithDebInfo|Win32 = RelWithDebInfo|Win32
	EndGlobalSection
	GlobalSection(ProjectConfigurationPlatforms) = postSolution
		{8DFAC6B5-63CF-35E7-89F6-CF710375D5AC}.Debug|Win32.ActiveCfg = Debug|Win32
		{8DFAC6B5-63CF-35E7-89F6-CF710375D5AC}.Debug|Win32.Build.0 = Debug|Win32
		{8DFAC6B5-63CF-35E7-89F6-CF710375D5AC}.Release|Win32.ActiveCfg = Release|Win32
		{8DFAC6B5-63CF-35E7-89F6-CF710375D5AC}.Release|Win32.Build.0 = Release|Win32
		{8DFAC6B5-63CF-35E7-89F6-CF710375D5AC}.MinSizeRel|Win32.ActiveCfg = MinSizeRel|Win32
		{8DFAC6B5-63CF-35E7-89F6-CF710375D5AC}.MinSizeRel|Win32.Build.0 = MinSizeRel|Win32
		{8DFAC6B5-63CF-35E7-89F6-CF710375D5AC}.RelWithDebInfo|Win32.ActiveCfg = RelWithDebInfo|Win32
		{8DFAC6B5-63CF-35E7-89F6-CF710375D5AC}.RelWithDebInfo|Win32.Build.0 = RelWithDebInfo|Win32
		{32C903B1-ECF1-3F7D-8298-BB82888CA150}.Debug|Win32.ActiveCfg = Debug|Win32
		{32C903B1-ECF1-3F7D-8298-BB82888CA150}.Debug|Win32.Build.0 = Debug|Win32
		{32C903B1-ECF1-3F7D-8298-BB82888CA150}.Release|Win32.ActiveCfg = Release|Win32
		{32C903B1-ECF1-3F7D-8298-BB82888CA150}.Release|Win32.Build.0 = Release|Win32
		{32C903B1-ECF1-3F7D-8298-BB82888CA150}.MinSizeRel|Win32.ActiveCfg = MinSizeRel|Win32
		{32C903B1-ECF1-3F7D-8298-BB82888CA150}.MinSizeRel|Win32.Build.0 = MinSizeRel|Win32
		{32C903B1-ECF1-3F7D-8298-BB82888CA150}.RelWithDebInfo|Win32.ActiveCfg = RelWithDebInfo|Win32
		{32C903B1-ECF1-3F7D-8298-BB82888CA150}.RelWithDebInfo|Win32.Build.0 = RelWithDebInfo|Win32
		{922C2CE9-699C-32C3-B07A-085C374AAEC6}.Debug|Win32.ActiveCfg = Debug|Win32
		{922C2CE9-699C-32C3-B07A-085C374AAEC6}.Debug|Win32.Build.0 = Debug|Win32
		{922C2CE9-699C-32C3-B07A-085C374AAEC6}.Release|Win32.ActiveCfg = Release|Win32
		{922C2CE9-699C-32C3-B07A-085C374AAEC6}.Release|Win32.Build.0 = Release|Win32
		{922C2CE9-699C-32C3-B07A-085C374AAEC6}.MinSizeRel|Win32.ActiveCfg = MinSizeRel|Win32
		{922C2CE9-699C-32C3-B07A-085C374AAEC6}.MinSizeRel|Win32.Build.0 = MinSizeRel|Win32
		{922C2CE9-699C-32C3-B07A-085C374AAEC6}.RelWithDebInfo|Win32.ActiveCfg = RelWithDebInfo|Win32
		{922C2CE9-699C-32C3-B07A-085C374AAEC6}.RelWithDebInfo|Win32.Build.0 = RelWithDebInfo|Win32
		{D9CC6F55-99A1-31FF-83A0-E10335FAD835}.Debug|Win32.ActiveCfg = Debug|Win32
		{D9CC6F55-99A1-31FF-83A0-E10335FAD835}.Release|Win32.ActiveCfg = Release|Win32
		{D9CC6F55-99A1-31FF-83A0-E10335FAD835}.MinSizeRel|Win32.ActiveCfg = MinSizeRel|Win32
		{D9CC6F55-99A1-31FF-83A0-E10335FAD835}.RelWithDebInfo|Win32.ActiveCfg = RelWithDebInfo|Win32
		{55775BF0-D79A-3CDB-B479-50BEAD2D0521}.Debug|Win32.ActiveCfg = Debug|Win32
		{55775BF0-D79A-3CDB-B479-50BEAD2D0521}.Debug|Win32.Build.0 = Debug|Win32
		{55775BF0-D79A-3CDB-B479-50BEAD2D0521}.Release|Win32.ActiveCfg = Release|Win32
		{55775BF0-D79A-3CDB-B479-50BEAD2D0521}.Release|Win32.Build.0 = Release|Win32
		{55775BF0-D79A-3CDB-B479-50BEAD2D0521}.MinSizeRel|Win32.ActiveCfg = MinSizeRel|Win32
		{55775BF0-D79A-3CDB-B479-50BEAD2D0521}.MinSizeRel|Win32.Build.0 = MinSizeRel|Win32
		{55775BF0-D79A-3CDB-B479-50BEAD2D0521}.RelWithDebInfo|Win32.ActiveCfg = RelWithDebInfo|Win32
		{55775BF0-D79A-3CDB-B479-50BEAD2D0521}.RelWithDebInfo|Win32.Build.0 = RelWithDebInfo|Win32
		{14EEAA4B-B71A-3483-B243-FA07BA8DB49A}.Debug|Win32.ActiveCfg = Debug|Win32
		{14EEAA4B-B71A-3483-B243-FA07BA8DB49A}.Debug|Win32.Build.0 = Debug|Win32
		{14EEAA4B-B71A-3483-B243-FA07BA8DB49A}.Release|Win32.ActiveCfg = Release|Win32
		{14EEAA4B-B71A-3483-B243-FA07BA8DB49A}.Release|Win32.Build.0 = Release|Win32
		{14EEAA4B-B71A-3483-B243-FA07BA8DB49A}.MinSizeRel|Win32.ActiveCfg = MinSizeRel|Win32
		{14EEAA4B-B71A-3483-B243-FA07BA8DB49A}.MinSizeRel|Win32.Build.0 = MinSizeRel|Win32
		{14EEAA4B-B71A-3483-B243-FA07BA8DB49A}.RelWithDebInfo|Win32.ActiveCfg = RelWithDebInfo|Win32
		{14EEAA4B-B71A-3483-B243-FA07BA8DB49A}.RelWithDebInfo|Win32.Build.0 = RelWithDebInfo|Win32
		{740CE8A0-B307-3B94-A274-359006B49F2F}.Debug|Win32.ActiveCfg = Debug|Win32
		{740CE8A0-B307-3B94-A274-359006B49F2F}.Debug|Win32.Build.0 = Debug|Win32
		{740CE8A0-B307-3B94-A274-359006B49F2F}.Release|Win32.ActiveCfg = Release|Win32
		{740CE8A0-B307-3B94-A274-359006B49F2F}.Release|Win32.Build.0 = Release|Win32
		{740CE8A0-B307-3B94-A274-359006B49F2F}.MinSizeRel|Win32.ActiveCfg = MinSizeRel|Win32
		{740CE8A0-B307-3B94-A274-359006B49F2F}.MinSizeRel|Win32.Build.0 = MinSizeRel|Win32
		{740CE8A0-B307-3B94-A274-359006B49F2F}.RelWithDebInfo|Win32.ActiveCfg = RelWithDebInfo|Win32
		{740CE8A0-B307-3B94-A274-359006B49F2F}.RelWithDebInfo|Win32.Build.0 = RelWithDebInfo|Win32
		{0F754C2A-E026-3BF2-A196-94FCA225AD70}.Debug|Win32.ActiveCfg = Debug|Win32
		{0F754C2A-E026-3BF2-A196-94FCA225AD70}.Debug|Win32.Build.0 = Debug|Win32
		{0F754C2A-E026-3BF2-A196-94FCA225AD70}.Release|Win32.ActiveCfg = Release|Win32
		{0F754C2A-E026-3BF2-A196-94FCA225AD70}.Release|Win32.Build.0 = Release|Win32
		{0F754C2A-E026-3BF2-A196-94FCA225AD70}.MinSizeRel|Win32.ActiveCfg = MinSizeRel|Win32
		{0F754C2A-E026-3BF2-A196-94FCA225AD70}.MinSizeRel|Win32.Build.0 = MinSizeRel|Win32
		{0F754C2A-E026-3BF2-A196-94FCA225AD70}.RelWithDebInfo|Win32.ActiveCfg = RelWithDebInfo|Win32
		{0F754C2A-E026-3BF2-A196-94FCA225AD70}.RelWithDebInfo|Win32.Build.0 = RelWithDebInfo|Win32
	EndGlobalSection
	GlobalSection(NestedProjects) = preSolution
		{32C903B1-ECF1-3F7D-8298-BB82888CA150} = {FCCCFDF1-7AC1-384E-A6B0-2D68B765DE36}
		{922C2CE9-699C-32C3-B07A-085C374AAEC6} = {FCCCFDF1-7AC1-384E-A6B0-2D68B765DE36}
		{8DFAC6B5-63CF-35E7-89F6-CF710375D5AC} = {2B4B628E-1E41-34E9-B194-ED7DFBE47FBA}
		{D9CC6F55-99A1-31FF-83A0-E10335FAD835} = {2B4B628E-1E41-34E9-B194-ED7DFBE47FBA}
		{14EEAA4B-B71A-3483-B243-FA07BA8DB49A} = {2B4B628E-1E41-34E9-B194-ED7DFBE47FBA}
		{740CE8A0-B307-3B94-A274-359006B49F2F} = {F2DB40FF-33AA-3D3D-BC45-05855D726E2F}
		{0F754C2A-E026-3BF2-A196-94FCA225AD70} = {F2DB40FF-33AA-3D3D-BC45-05855D726E2F}
		{55775BF0-D79A-3CDB-B479-50BEAD2D0521} = {B8C8B34F-FD62-3C3C-B1D5-263ED913FCBD}
	EndGlobalSection
	GlobalSection(ExtensibilityGlobals) = postSolution
		SolutionGuid = {B8DCDCE8-49ED-3847-827F-724E25C7AA6C}
	EndGlobalSection
	GlobalSection(ExtensibilityAddIns) = postSolution
	EndGlobalSection
EndGlobal
