<?xml version="1.0" encoding="utf-8"?>
<Project ToolsVersion="15.0" xmlns="http://schemas.microsoft.com/developer/msbuild/2003">
  <ItemGroup>
    <ClCompile Include="E:\workspace\reconstruction\Easy3D-main\easy3d\fileio\image_io.cpp">
      <Filter>Source Files</Filter>
    </ClCompile>
    <ClCompile Include="E:\workspace\reconstruction\Easy3D-main\easy3d\fileio\graph_io.cpp">
      <Filter>Source Files</Filter>
    </ClCompile>
    <ClCompile Include="E:\workspace\reconstruction\Easy3D-main\easy3d\fileio\graph_io_ply.cpp">
      <Filter>Source Files</Filter>
    </ClCompile>
    <ClCompile Include="E:\workspace\reconstruction\Easy3D-main\easy3d\fileio\ply_reader_writer.cpp">
      <Filter>Source Files</Filter>
    </ClCompile>
    <ClCompile Include="E:\workspace\reconstruction\Easy3D-main\easy3d\fileio\point_cloud_io.cpp">
      <Filter>Source Files</Filter>
    </ClCompile>
    <ClCompile Include="E:\workspace\reconstruction\Easy3D-main\easy3d\fileio\point_cloud_io_bin.cpp">
      <Filter>Source Files</Filter>
    </ClCompile>
    <ClCompile Include="E:\workspace\reconstruction\Easy3D-main\easy3d\fileio\point_cloud_io_las.cpp">
      <Filter>Source Files</Filter>
    </ClCompile>
    <ClCompile Include="E:\workspace\reconstruction\Easy3D-main\easy3d\fileio\point_cloud_io_ply.cpp">
      <Filter>Source Files</Filter>
    </ClCompile>
    <ClCompile Include="E:\workspace\reconstruction\Easy3D-main\easy3d\fileio\point_cloud_io_ptx.cpp">
      <Filter>Source Files</Filter>
    </ClCompile>
    <ClCompile Include="E:\workspace\reconstruction\Easy3D-main\easy3d\fileio\point_cloud_io_vg.cpp">
      <Filter>Source Files</Filter>
    </ClCompile>
    <ClCompile Include="E:\workspace\reconstruction\Easy3D-main\easy3d\fileio\point_cloud_io_xyz.cpp">
      <Filter>Source Files</Filter>
    </ClCompile>
    <ClCompile Include="E:\workspace\reconstruction\Easy3D-main\easy3d\fileio\surface_mesh_io.cpp">
      <Filter>Source Files</Filter>
    </ClCompile>
    <ClCompile Include="E:\workspace\reconstruction\Easy3D-main\easy3d\fileio\surface_mesh_io_obj.cpp">
      <Filter>Source Files</Filter>
    </ClCompile>
    <ClCompile Include="E:\workspace\reconstruction\Easy3D-main\easy3d\fileio\surface_mesh_io_off.cpp">
      <Filter>Source Files</Filter>
    </ClCompile>
    <ClCompile Include="E:\workspace\reconstruction\Easy3D-main\easy3d\fileio\surface_mesh_io_ply.cpp">
      <Filter>Source Files</Filter>
    </ClCompile>
    <ClCompile Include="E:\workspace\reconstruction\Easy3D-main\easy3d\fileio\surface_mesh_io_sm.cpp">
      <Filter>Source Files</Filter>
    </ClCompile>
    <ClCompile Include="E:\workspace\reconstruction\Easy3D-main\easy3d\fileio\surface_mesh_io_stl.cpp">
      <Filter>Source Files</Filter>
    </ClCompile>
    <ClCompile Include="E:\workspace\reconstruction\Easy3D-main\easy3d\fileio\poly_mesh_io.cpp">
      <Filter>Source Files</Filter>
    </ClCompile>
    <ClCompile Include="E:\workspace\reconstruction\Easy3D-main\easy3d\fileio\poly_mesh_io_mesh.cpp">
      <Filter>Source Files</Filter>
    </ClCompile>
    <ClCompile Include="E:\workspace\reconstruction\Easy3D-main\easy3d\fileio\poly_mesh_io_plm.cpp">
      <Filter>Source Files</Filter>
    </ClCompile>
    <ClCompile Include="E:\workspace\reconstruction\Easy3D-main\easy3d\fileio\poly_mesh_io_pm.cpp">
      <Filter>Source Files</Filter>
    </ClCompile>
    <ClCompile Include="E:\workspace\reconstruction\Easy3D-main\easy3d\fileio\resources.cpp">
      <Filter>Source Files</Filter>
    </ClCompile>
  </ItemGroup>
  <ItemGroup>
    <ClInclude Include="E:\workspace\reconstruction\Easy3D-main\easy3d\fileio\image_io.h">
      <Filter>Header Files</Filter>
    </ClInclude>
    <ClInclude Include="E:\workspace\reconstruction\Easy3D-main\easy3d\fileio\graph_io.h">
      <Filter>Header Files</Filter>
    </ClInclude>
    <ClInclude Include="E:\workspace\reconstruction\Easy3D-main\easy3d\fileio\ply_reader_writer.h">
      <Filter>Header Files</Filter>
    </ClInclude>
    <ClInclude Include="E:\workspace\reconstruction\Easy3D-main\easy3d\fileio\point_cloud_io.h">
      <Filter>Header Files</Filter>
    </ClInclude>
    <ClInclude Include="E:\workspace\reconstruction\Easy3D-main\easy3d\fileio\point_cloud_io_ptx.h">
      <Filter>Header Files</Filter>
    </ClInclude>
    <ClInclude Include="E:\workspace\reconstruction\Easy3D-main\easy3d\fileio\point_cloud_io_vg.h">
      <Filter>Header Files</Filter>
    </ClInclude>
    <ClInclude Include="E:\workspace\reconstruction\Easy3D-main\easy3d\fileio\surface_mesh_io.h">
      <Filter>Header Files</Filter>
    </ClInclude>
    <ClInclude Include="E:\workspace\reconstruction\Easy3D-main\easy3d\fileio\poly_mesh_io.h">
      <Filter>Header Files</Filter>
    </ClInclude>
    <ClInclude Include="E:\workspace\reconstruction\Easy3D-main\easy3d\fileio\resources.h">
      <Filter>Header Files</Filter>
    </ClInclude>
  </ItemGroup>
  <ItemGroup>
    <CustomBuild Include="E:\workspace\reconstruction\Easy3D-main\easy3d\fileio\CMakeLists.txt" />
  </ItemGroup>
  <ItemGroup>
    <Filter Include="Header Files">
      <UniqueIdentifier>{3A600367-FE1B-315F-8EBC-353052051363}</UniqueIdentifier>
    </Filter>
    <Filter Include="Source Files">
      <UniqueIdentifier>{3E83A2FA-8FB0-3AB0-830A-E75B3DB82788}</UniqueIdentifier>
    </Filter>
  </ItemGroup>
</Project>
